// !$*UTF8*$!
{
	archiveVersion = 1;
	classes = {
	};
	objectVersion = 50;
	objects = {

/* Begin PBXBuildFile section */
		63E249F224AFA42200F231A1 /* CCIStepsManager.m in Sources */ = {isa = PBXBuildFile; fileRef = 63E2498024AFA42200F231A1 /* CCIStepsManager.m */; };
		63E249F324AFA42200F231A1 /* CCIFeaturesManager.m in Sources */ = {isa = PBXBuildFile; fileRef = 63E2498124AFA42200F231A1 /* CCIFeaturesManager.m */; };
		63E249F424AFA42200F231A1 /* CCILoggingManager.m in Sources */ = {isa = PBXBuildFile; fileRef = 63E2498224AFA42200F231A1 /* CCILoggingManager.m */; };
		63E249F524AFA42200F231A1 /* CCIArgument.m in Sources */ = {isa = PBXBuildFile; fileRef = 63E2498924AFA42200F231A1 /* CCIArgument.m */; };
		63E249F624AFA42200F231A1 /* CCIHock.m in Sources */ = {isa = PBXBuildFile; fileRef = 63E2498B24AFA42200F231A1 /* CCIHock.m */; };
		63E249F724AFA42200F231A1 /* CCIStepDefinition.m in Sources */ = {isa = PBXBuildFile; fileRef = 63E2498C24AFA42200F231A1 /* CCIStepDefinition.m */; };
		63E249F824AFA42200F231A1 /* CCIJSONDumper.m in Sources */ = {isa = PBXBuildFile; fileRef = 63E2498E24AFA42200F231A1 /* CCIJSONDumper.m */; };
		63E249F924AFA42200F231A1 /* CCIScenarioDefinition.m in Sources */ = {isa = PBXBuildFile; fileRef = 63E2499124AFA42200F231A1 /* CCIScenarioDefinition.m */; };
		63E249FA24AFA42200F231A1 /* CCIAroundHock.m in Sources */ = {isa = PBXBuildFile; fileRef = 63E2499424AFA42200F231A1 /* CCIAroundHock.m */; };
		63E249FB24AFA42200F231A1 /* CCIFeature.m in Sources */ = {isa = PBXBuildFile; fileRef = 63E2499524AFA42200F231A1 /* CCIFeature.m */; };
		63E249FC24AFA42200F231A1 /* CCIStep.m in Sources */ = {isa = PBXBuildFile; fileRef = 63E2499724AFA42200F231A1 /* CCIStep.m */; };
		63E249FD24AFA42200F231A1 /* CCIExample.m in Sources */ = {isa = PBXBuildFile; fileRef = 63E2499A24AFA42200F231A1 /* CCIExample.m */; };
		63E249FE24AFA42200F231A1 /* CCILocation.m in Sources */ = {isa = PBXBuildFile; fileRef = 63E2499C24AFA42200F231A1 /* CCILocation.m */; };
		63E249FF24AFA42200F231A1 /* CCIBackground.m in Sources */ = {isa = PBXBuildFile; fileRef = 63E2499D24AFA42200F231A1 /* CCIBackground.m */; };
		63E24A0024AFA42200F231A1 /* GHFeature.m in Sources */ = {isa = PBXBuildFile; fileRef = 63E249A524AFA42200F231A1 /* GHFeature.m */; };
		63E24A0124AFA42200F231A1 /* GHToken.m in Sources */ = {isa = PBXBuildFile; fileRef = 63E249A724AFA42200F231A1 /* GHToken.m */; };
		63E24A0224AFA42200F231A1 /* GHAstNode.m in Sources */ = {isa = PBXBuildFile; fileRef = 63E249A924AFA42200F231A1 /* GHAstNode.m */; };
		63E24A0324AFA42200F231A1 /* GHTableCell.m in Sources */ = {isa = PBXBuildFile; fileRef = 63E249AA24AFA42200F231A1 /* GHTableCell.m */; };
		63E24A0424AFA42200F231A1 /* GHComment.m in Sources */ = {isa = PBXBuildFile; fileRef = 63E249AD24AFA42200F231A1 /* GHComment.m */; };
		63E24A0524AFA42200F231A1 /* GHBackground.m in Sources */ = {isa = PBXBuildFile; fileRef = 63E249B024AFA42200F231A1 /* GHBackground.m */; };
		63E24A0624AFA42200F231A1 /* GHScenarioOutline.m in Sources */ = {isa = PBXBuildFile; fileRef = 63E249B124AFA42200F231A1 /* GHScenarioOutline.m */; };
		63E24A0724AFA42200F231A1 /* GHGherkinDialect.m in Sources */ = {isa = PBXBuildFile; fileRef = 63E249B224AFA42200F231A1 /* GHGherkinDialect.m */; };
		63E24A0824AFA42200F231A1 /* GHTokenScanner.m in Sources */ = {isa = PBXBuildFile; fileRef = 63E249B424AFA42200F231A1 /* GHTokenScanner.m */; };
		63E24A0924AFA42200F231A1 /* GHNode.m in Sources */ = {isa = PBXBuildFile; fileRef = 63E249B624AFA42200F231A1 /* GHNode.m */; };
		63E24A0A24AFA42200F231A1 /* GHDocString.m in Sources */ = {isa = PBXBuildFile; fileRef = 63E249B824AFA42200F231A1 /* GHDocString.m */; };
		63E24A0B24AFA42200F231A1 /* GHGherkinLanguageSetting.m in Sources */ = {isa = PBXBuildFile; fileRef = 63E249BA24AFA42200F231A1 /* GHGherkinLanguageSetting.m */; };
		63E24A0C24AFA42200F231A1 /* GHParser+Extensions.m in Sources */ = {isa = PBXBuildFile; fileRef = 63E249BB24AFA42200F231A1 /* GHParser+Extensions.m */; };
		63E24A0D24AFA42200F231A1 /* GHTag.m in Sources */ = {isa = PBXBuildFile; fileRef = 63E249BD24AFA42200F231A1 /* GHTag.m */; };
		63E24A0E24AFA42200F231A1 /* GHScenario.m in Sources */ = {isa = PBXBuildFile; fileRef = 63E249BF24AFA42200F231A1 /* GHScenario.m */; };
		63E24A0F24AFA42200F231A1 /* GHStep.m in Sources */ = {isa = PBXBuildFile; fileRef = 63E249C024AFA42200F231A1 /* GHStep.m */; };
		63E24A1024AFA42200F231A1 /* GHDataTable.m in Sources */ = {isa = PBXBuildFile; fileRef = 63E249C324AFA42200F231A1 /* GHDataTable.m */; };
		63E24A1124AFA42200F231A1 /* GHGherkinLanguageConstants.m in Sources */ = {isa = PBXBuildFile; fileRef = 63E249C424AFA42200F231A1 /* GHGherkinLanguageConstants.m */; };
		63E24A1224AFA42200F231A1 /* NSString+Trim.m in Sources */ = {isa = PBXBuildFile; fileRef = 63E249C524AFA42200F231A1 /* NSString+Trim.m */; };
		63E24A1324AFA42200F231A1 /* GHParserException.m in Sources */ = {isa = PBXBuildFile; fileRef = 63E249C724AFA42200F231A1 /* GHParserException.m */; };
		63E24A1424AFA42200F231A1 /* GHLocation.m in Sources */ = {isa = PBXBuildFile; fileRef = 63E249C924AFA42200F231A1 /* GHLocation.m */; };
		63E24A1524AFA42200F231A1 /* GHGherkinDialectProvider.m in Sources */ = {isa = PBXBuildFile; fileRef = 63E249CA24AFA42200F231A1 /* GHGherkinDialectProvider.m */; };
		63E24A1624AFA42200F231A1 /* GHExamples.m in Sources */ = {isa = PBXBuildFile; fileRef = 63E249CF24AFA42200F231A1 /* GHExamples.m */; };
		63E24A1724AFA42200F231A1 /* gherkin-languages.json in Resources */ = {isa = PBXBuildFile; fileRef = 63E249D124AFA42200F231A1 /* gherkin-languages.json */; };
		63E24A1824AFA42200F231A1 /* GHParser.m in Sources */ = {isa = PBXBuildFile; fileRef = 63E249D324AFA42200F231A1 /* GHParser.m */; };
		63E24A1924AFA42200F231A1 /* GHTableRow.m in Sources */ = {isa = PBXBuildFile; fileRef = 63E249D624AFA42200F231A1 /* GHTableRow.m */; };
		63E24A1A24AFA42200F231A1 /* GHGherkinLine.m in Sources */ = {isa = PBXBuildFile; fileRef = 63E249D824AFA42200F231A1 /* GHGherkinLine.m */; };
		63E24A1B24AFA42200F231A1 /* GHStepArgument.m in Sources */ = {isa = PBXBuildFile; fileRef = 63E249DA24AFA42200F231A1 /* GHStepArgument.m */; };
		63E24A1C24AFA42200F231A1 /* GHScenarioDefinition.m in Sources */ = {isa = PBXBuildFile; fileRef = 63E249DE24AFA42200F231A1 /* GHScenarioDefinition.m */; };
		63E24A1D24AFA42200F231A1 /* GHGherkinLineSpan.m in Sources */ = {isa = PBXBuildFile; fileRef = 63E249E124AFA42200F231A1 /* GHGherkinLineSpan.m */; };
		63E24A1E24AFA42200F231A1 /* GHTokenMatcher.m in Sources */ = {isa = PBXBuildFile; fileRef = 63E249E224AFA42200F231A1 /* GHTokenMatcher.m */; };
		63E24A1F24AFA42200F231A1 /* GHAstBuilder.m in Sources */ = {isa = PBXBuildFile; fileRef = 63E249E424AFA42200F231A1 /* GHAstBuilder.m */; };
		63E24A2024AFA42200F231A1 /* NSString+Formatter.m in Sources */ = {isa = PBXBuildFile; fileRef = 63E249E824AFA42200F231A1 /* NSString+Formatter.m */; };
		63E24A2124AFA42200F231A1 /* XCTestCase+RecordFailure.m in Sources */ = {isa = PBXBuildFile; fileRef = 63E249EA24AFA42200F231A1 /* XCTestCase+RecordFailure.m */; };
		63E24A2224AFA42200F231A1 /* NSArray+Hashes.m in Sources */ = {isa = PBXBuildFile; fileRef = 63E249EB24AFA42200F231A1 /* NSArray+Hashes.m */; };
		63E24A2324AFA42200F231A1 /* NSObject+Dictionary.m in Sources */ = {isa = PBXBuildFile; fileRef = 63E249EC24AFA42200F231A1 /* NSObject+Dictionary.m */; };
		63E24A2424AFA42200F231A1 /* Cucumberish.m in Sources */ = {isa = PBXBuildFile; fileRef = 63E249F124AFA42200F231A1 /* Cucumberish.m */; };
		63E24A2624AFA4BF00F231A1 /* Features in Resources */ = {isa = PBXBuildFile; fileRef = 63E24A2524AFA4BF00F231A1 /* Features */; };
		63E24A2824AFA5E000F231A1 /* CucumberishInit.m in Sources */ = {isa = PBXBuildFile; fileRef = 63E24A2724AFA5E000F231A1 /* CucumberishInit.m */; };
		6B8F23D624AE6E6500F2CD5B /* BeagleDemoTestBase.swift in Sources */ = {isa = PBXBuildFile; fileRef = 6B8F23CD24AE6E6500F2CD5B /* BeagleDemoTestBase.swift */; };
		6B8F23D724AE6E6500F2CD5B /* BeagleDemoElements.swift in Sources */ = {isa = PBXBuildFile; fileRef = 6B8F23CF24AE6E6500F2CD5B /* BeagleDemoElements.swift */; };
		6B8F23D824AE6E6500F2CD5B /* BeagleDemoUITests.swift in Sources */ = {isa = PBXBuildFile; fileRef = 6B8F23D024AE6E6500F2CD5B /* BeagleDemoUITests.swift */; };
		6B8F23DA24AE6E6500F2CD5B /* BeagleDemoSteps.swift in Sources */ = {isa = PBXBuildFile; fileRef = 6B8F23D324AE6E6500F2CD5B /* BeagleDemoSteps.swift */; };
		6B8F23DB24AE6E6500F2CD5B /* BeagleDemoTests.swift in Sources */ = {isa = PBXBuildFile; fileRef = 6B8F23D524AE6E6500F2CD5B /* BeagleDemoTests.swift */; };
		6E2C784D2419853A00448728 /* Constants.swift in Sources */ = {isa = PBXBuildFile; fileRef = 6E2C784C2419853A00448728 /* Constants.swift */; };
		6E4EE6C1240E970000624DFB /* ScreenDeepLink.swift in Sources */ = {isa = PBXBuildFile; fileRef = 6E4EE6C0240E970000624DFB /* ScreenDeepLink.swift */; };
		6E4EE6C7240E9C0B00624DFB /* ViewLayoutHelper.swift in Sources */ = {isa = PBXBuildFile; fileRef = 6E4EE6C6240E9C0B00624DFB /* ViewLayoutHelper.swift */; };
		6ED5B09E240464520070CB9D /* BeagleStyle.swift in Sources */ = {isa = PBXBuildFile; fileRef = 6ED5B09D240464520070CB9D /* BeagleStyle.swift */; };
		7685B043249A879F007EDED0 /* SendRequestScreen.swift in Sources */ = {isa = PBXBuildFile; fileRef = 7685B042249A879F007EDED0 /* SendRequestScreen.swift */; };
		932925B22327E0E400A61F01 /* AppDelegate.swift in Sources */ = {isa = PBXBuildFile; fileRef = 932925B12327E0E400A61F01 /* AppDelegate.swift */; };
		932925B92327E0E400A61F01 /* Main.storyboard in Resources */ = {isa = PBXBuildFile; fileRef = 932925B72327E0E400A61F01 /* Main.storyboard */; };
		932925BB2327E0E500A61F01 /* Assets.xcassets in Resources */ = {isa = PBXBuildFile; fileRef = 932925BA2327E0E500A61F01 /* Assets.xcassets */; };
		932925BE2327E0E500A61F01 /* LaunchScreen.storyboard in Resources */ = {isa = PBXBuildFile; fileRef = 932925BC2327E0E500A61F01 /* LaunchScreen.storyboard */; };
		93D8DC0D248965D10070CB41 /* ComponentInteractionScreen.swift in Sources */ = {isa = PBXBuildFile; fileRef = 93D8DC0C248965D10070CB41 /* ComponentInteractionScreen.swift */; };
		93EAFA4C24083C7B00B73522 /* ListViewScreen.swift in Sources */ = {isa = PBXBuildFile; fileRef = 93EAFA4B24083C7B00B73522 /* ListViewScreen.swift */; };
		98A7F36C23A926C600E88C70 /* TabViewScreen.swift in Sources */ = {isa = PBXBuildFile; fileRef = 98A7F36B23A926C600E88C70 /* TabViewScreen.swift */; };
		98E08D2324228DD200FBD21B /* WebViewScreen.swift in Sources */ = {isa = PBXBuildFile; fileRef = 98E08D2224228DD200FBD21B /* WebViewScreen.swift */; };
		A024CF1924994201009BB92D /* BeagleSchema.framework in Frameworks */ = {isa = PBXBuildFile; fileRef = A024CF1824994201009BB92D /* BeagleSchema.framework */; };
		A024CF1A24994201009BB92D /* BeagleSchema.framework in Embed Frameworks */ = {isa = PBXBuildFile; fileRef = A024CF1824994201009BB92D /* BeagleSchema.framework */; settings = {ATTRIBUTES = (CodeSignOnCopy, RemoveHeadersOnCopy, ); }; };
		A038C8FD2407073D001164B1 /* FormScreen.swift in Sources */ = {isa = PBXBuildFile; fileRef = A038C8FC2407073D001164B1 /* FormScreen.swift */; };
		A0642DC82395A1840028AFF3 /* DeeplinkScreenManager.swift in Sources */ = {isa = PBXBuildFile; fileRef = A0642DC72395A1840028AFF3 /* DeeplinkScreenManager.swift */; };
		A0642DCB23968A020028AFF3 /* MainScreen.swift in Sources */ = {isa = PBXBuildFile; fileRef = A0642DCA23968A020028AFF3 /* MainScreen.swift */; };
		A0642DCD23968B500028AFF3 /* LazyComponentScreen.swift in Sources */ = {isa = PBXBuildFile; fileRef = A0642DCC23968B500028AFF3 /* LazyComponentScreen.swift */; };
		A0642DD12396EC670028AFF3 /* PageViewScreen.swift in Sources */ = {isa = PBXBuildFile; fileRef = A0642DD02396EC670028AFF3 /* PageViewScreen.swift */; };
		C0479F59243282F00040E30C /* AnalyticsMock.swift in Sources */ = {isa = PBXBuildFile; fileRef = C0479F58243282F00040E30C /* AnalyticsMock.swift */; };
		C09F40F7249A8FFE002605EE /* TextContainer.swift in Sources */ = {isa = PBXBuildFile; fileRef = C09F40F6249A8FFE002605EE /* TextContainer.swift */; };
		C09F40FE249AAAEE002605EE /* CustomActionableContainer.swift in Sources */ = {isa = PBXBuildFile; fileRef = C09F40FD249AAAEE002605EE /* CustomActionableContainer.swift */; };
		C09F4100249AAB0F002605EE /* TextContainerWithAction.swift in Sources */ = {isa = PBXBuildFile; fileRef = C09F40FF249AAB0F002605EE /* TextContainerWithAction.swift */; };
		C09F4102249AAC87002605EE /* SingleCustomActionableContainer.swift in Sources */ = {isa = PBXBuildFile; fileRef = C09F4101249AAC87002605EE /* SingleCustomActionableContainer.swift */; };
		C09F4104249AACAB002605EE /* SingleTextContainer.swift in Sources */ = {isa = PBXBuildFile; fileRef = C09F4103249AACAB002605EE /* SingleTextContainer.swift */; };
		C09F4118249BDF26002605EE /* GenerationTests.swift in Sources */ = {isa = PBXBuildFile; fileRef = C09F4108249BD6FD002605EE /* GenerationTests.swift */; };
		C09F411E249BE470002605EE /* TextContainer.json in Resources */ = {isa = PBXBuildFile; fileRef = C09F411C249BE46C002605EE /* TextContainer.json */; };
		C09F4121249BE758002605EE /* ComponentFromJsonFile.swift in Sources */ = {isa = PBXBuildFile; fileRef = C09F4120249BE758002605EE /* ComponentFromJsonFile.swift */; };
		C09F4125249BF652002605EE /* Protocols.swift in Sources */ = {isa = PBXBuildFile; fileRef = C09F4122249BF64B002605EE /* Protocols.swift */; };
		C09F412A249C0683002605EE /* CustomActionableContainer.json in Resources */ = {isa = PBXBuildFile; fileRef = C09F4126249C0683002605EE /* CustomActionableContainer.json */; };
		C09F412B249C0683002605EE /* SingleCustomActionableContainer.json in Resources */ = {isa = PBXBuildFile; fileRef = C09F4127249C0683002605EE /* SingleCustomActionableContainer.json */; };
		C09F412C249C0683002605EE /* SingleTextContainer.json in Resources */ = {isa = PBXBuildFile; fileRef = C09F4128249C0683002605EE /* SingleTextContainer.json */; };
		C09F412D249C0683002605EE /* TextContainerWithAction.json in Resources */ = {isa = PBXBuildFile; fileRef = C09F4129249C0683002605EE /* TextContainerWithAction.json */; };
		C09F412F249C1B86002605EE /* TextContainerMissingSecondAction.json in Resources */ = {isa = PBXBuildFile; fileRef = C09F412E249C1B86002605EE /* TextContainerMissingSecondAction.json */; };
		C09F4131249C219D002605EE /* SingleTextContainerWithoutActions.json in Resources */ = {isa = PBXBuildFile; fileRef = C09F4130249C219D002605EE /* SingleTextContainerWithoutActions.json */; };
		C0B1AAB323F326A100F94ECA /* BeagleUI.framework in Frameworks */ = {isa = PBXBuildFile; fileRef = 9313EB9223A2B388003BC24C /* BeagleUI.framework */; };
		C0B1AAB423F326A100F94ECA /* BeagleUI.framework in Embed Frameworks */ = {isa = PBXBuildFile; fileRef = 9313EB9223A2B388003BC24C /* BeagleUI.framework */; settings = {ATTRIBUTES = (CodeSignOnCopy, RemoveHeadersOnCopy, ); }; };
		C0B1AAB623F326BB00F94ECA /* YogaKit.framework in Frameworks */ = {isa = PBXBuildFile; fileRef = C0B1AAB523F326BB00F94ECA /* YogaKit.framework */; };
		C0B1AAB723F326BB00F94ECA /* YogaKit.framework in Embed Frameworks */ = {isa = PBXBuildFile; fileRef = C0B1AAB523F326BB00F94ECA /* YogaKit.framework */; settings = {ATTRIBUTES = (CodeSignOnCopy, RemoveHeadersOnCopy, ); }; };
		C80AF1342493F0950097D200 /* OtherComponent.swift in Sources */ = {isa = PBXBuildFile; fileRef = C80AF1332493F0950097D200 /* OtherComponent.swift */; };
		C8A2F6F32464C1F9002198B1 /* Equality.generated.swift in Sources */ = {isa = PBXBuildFile; fileRef = C8A2F6F12464C1F9002198B1 /* Equality.generated.swift */; };
		C8A2F6F42464C1F9002198B1 /* AutoDecodable.generated.swift in Sources */ = {isa = PBXBuildFile; fileRef = C8A2F6F22464C1F9002198B1 /* AutoDecodable.generated.swift */; };
		E75619892408365B0025E0A9 /* DSCollection.swift in Sources */ = {isa = PBXBuildFile; fileRef = E75619882408365B0025E0A9 /* DSCollection.swift */; };
		E756198D240865150025E0A9 /* DSCollectionViewCell.swift in Sources */ = {isa = PBXBuildFile; fileRef = E756198C240865150025E0A9 /* DSCollectionViewCell.swift */; };
		E756198F2408691A0025E0A9 /* CustomComponentScreen.swift in Sources */ = {isa = PBXBuildFile; fileRef = E756198E2408691A0025E0A9 /* CustomComponentScreen.swift */; };
		E756199124086AA20025E0A9 /* DSCollectionUIComponent.swift in Sources */ = {isa = PBXBuildFile; fileRef = E756199024086AA20025E0A9 /* DSCollectionUIComponent.swift */; };
/* End PBXBuildFile section */

/* Begin PBXContainerItemProxy section */
		6B8F23A724AE6D5B00F2CD5B /* PBXContainerItemProxy */ = {
			isa = PBXContainerItemProxy;
			containerPortal = 932925A62327E0E400A61F01 /* Project object */;
			proxyType = 1;
			remoteGlobalIDString = 932925AD2327E0E400A61F01;
			remoteInfo = BeagleDemo;
		};
		C09F4113249BDEE8002605EE /* PBXContainerItemProxy */ = {
			isa = PBXContainerItemProxy;
			containerPortal = 932925A62327E0E400A61F01 /* Project object */;
			proxyType = 1;
			remoteGlobalIDString = 932925AD2327E0E400A61F01;
			remoteInfo = BeagleDemo;
		};
/* End PBXContainerItemProxy section */

/* Begin PBXCopyFilesBuildPhase section */
		E5EB34BB2331074900AC246B /* Embed Frameworks */ = {
			isa = PBXCopyFilesBuildPhase;
			buildActionMask = 2147483647;
			dstPath = "";
			dstSubfolderSpec = 10;
			files = (
				C0B1AAB423F326A100F94ECA /* BeagleUI.framework in Embed Frameworks */,
				C0B1AAB723F326BB00F94ECA /* YogaKit.framework in Embed Frameworks */,
				A024CF1A24994201009BB92D /* BeagleSchema.framework in Embed Frameworks */,
			);
			name = "Embed Frameworks";
			runOnlyForDeploymentPostprocessing = 0;
		};
/* End PBXCopyFilesBuildPhase section */

/* Begin PBXFileReference section */
		63E2498024AFA42200F231A1 /* CCIStepsManager.m */ = {isa = PBXFileReference; fileEncoding = 4; lastKnownFileType = sourcecode.c.objc; path = CCIStepsManager.m; sourceTree = "<group>"; };
		63E2498124AFA42200F231A1 /* CCIFeaturesManager.m */ = {isa = PBXFileReference; fileEncoding = 4; lastKnownFileType = sourcecode.c.objc; path = CCIFeaturesManager.m; sourceTree = "<group>"; };
		63E2498224AFA42200F231A1 /* CCILoggingManager.m */ = {isa = PBXFileReference; fileEncoding = 4; lastKnownFileType = sourcecode.c.objc; path = CCILoggingManager.m; sourceTree = "<group>"; };
		63E2498324AFA42200F231A1 /* CCIStepsManager.h */ = {isa = PBXFileReference; fileEncoding = 4; lastKnownFileType = sourcecode.c.h; path = CCIStepsManager.h; sourceTree = "<group>"; };
		63E2498424AFA42200F231A1 /* CCIFeaturesManager.h */ = {isa = PBXFileReference; fileEncoding = 4; lastKnownFileType = sourcecode.c.h; path = CCIFeaturesManager.h; sourceTree = "<group>"; };
		63E2498524AFA42200F231A1 /* CCILoggingManager.h */ = {isa = PBXFileReference; fileEncoding = 4; lastKnownFileType = sourcecode.c.h; path = CCILoggingManager.h; sourceTree = "<group>"; };
		63E2498624AFA42200F231A1 /* CCIBlockDefinitions.h */ = {isa = PBXFileReference; fileEncoding = 4; lastKnownFileType = sourcecode.c.h; path = CCIBlockDefinitions.h; sourceTree = "<group>"; };
		63E2498824AFA42200F231A1 /* CCIAroundHock.h */ = {isa = PBXFileReference; fileEncoding = 4; lastKnownFileType = sourcecode.c.h; path = CCIAroundHock.h; sourceTree = "<group>"; };
		63E2498924AFA42200F231A1 /* CCIArgument.m */ = {isa = PBXFileReference; fileEncoding = 4; lastKnownFileType = sourcecode.c.objc; path = CCIArgument.m; sourceTree = "<group>"; };
		63E2498A24AFA42200F231A1 /* CCIFeature.h */ = {isa = PBXFileReference; fileEncoding = 4; lastKnownFileType = sourcecode.c.h; path = CCIFeature.h; sourceTree = "<group>"; };
		63E2498B24AFA42200F231A1 /* CCIHock.m */ = {isa = PBXFileReference; fileEncoding = 4; lastKnownFileType = sourcecode.c.objc; path = CCIHock.m; sourceTree = "<group>"; };
		63E2498C24AFA42200F231A1 /* CCIStepDefinition.m */ = {isa = PBXFileReference; fileEncoding = 4; lastKnownFileType = sourcecode.c.objc; path = CCIStepDefinition.m; sourceTree = "<group>"; };
		63E2498D24AFA42200F231A1 /* CCIStep.h */ = {isa = PBXFileReference; fileEncoding = 4; lastKnownFileType = sourcecode.c.h; path = CCIStep.h; sourceTree = "<group>"; };
		63E2498E24AFA42200F231A1 /* CCIJSONDumper.m */ = {isa = PBXFileReference; fileEncoding = 4; lastKnownFileType = sourcecode.c.objc; path = CCIJSONDumper.m; sourceTree = "<group>"; };
		63E2498F24AFA42200F231A1 /* CCILocation.h */ = {isa = PBXFileReference; fileEncoding = 4; lastKnownFileType = sourcecode.c.h; path = CCILocation.h; sourceTree = "<group>"; };
		63E2499024AFA42200F231A1 /* CCIBackground.h */ = {isa = PBXFileReference; fileEncoding = 4; lastKnownFileType = sourcecode.c.h; path = CCIBackground.h; sourceTree = "<group>"; };
		63E2499124AFA42200F231A1 /* CCIScenarioDefinition.m */ = {isa = PBXFileReference; fileEncoding = 4; lastKnownFileType = sourcecode.c.objc; path = CCIScenarioDefinition.m; sourceTree = "<group>"; };
		63E2499224AFA42200F231A1 /* CCIExample.h */ = {isa = PBXFileReference; fileEncoding = 4; lastKnownFileType = sourcecode.c.h; path = CCIExample.h; sourceTree = "<group>"; };
		63E2499324AFA42200F231A1 /* CCIArgument.h */ = {isa = PBXFileReference; fileEncoding = 4; lastKnownFileType = sourcecode.c.h; path = CCIArgument.h; sourceTree = "<group>"; };
		63E2499424AFA42200F231A1 /* CCIAroundHock.m */ = {isa = PBXFileReference; fileEncoding = 4; lastKnownFileType = sourcecode.c.objc; path = CCIAroundHock.m; sourceTree = "<group>"; };
		63E2499524AFA42200F231A1 /* CCIFeature.m */ = {isa = PBXFileReference; fileEncoding = 4; lastKnownFileType = sourcecode.c.objc; path = CCIFeature.m; sourceTree = "<group>"; };
		63E2499624AFA42200F231A1 /* CCIJSONDumper.h */ = {isa = PBXFileReference; fileEncoding = 4; lastKnownFileType = sourcecode.c.h; path = CCIJSONDumper.h; sourceTree = "<group>"; };
		63E2499724AFA42200F231A1 /* CCIStep.m */ = {isa = PBXFileReference; fileEncoding = 4; lastKnownFileType = sourcecode.c.objc; path = CCIStep.m; sourceTree = "<group>"; };
		63E2499824AFA42200F231A1 /* CCIStepDefinition.h */ = {isa = PBXFileReference; fileEncoding = 4; lastKnownFileType = sourcecode.c.h; path = CCIStepDefinition.h; sourceTree = "<group>"; };
		63E2499924AFA42200F231A1 /* CCIHock.h */ = {isa = PBXFileReference; fileEncoding = 4; lastKnownFileType = sourcecode.c.h; path = CCIHock.h; sourceTree = "<group>"; };
		63E2499A24AFA42200F231A1 /* CCIExample.m */ = {isa = PBXFileReference; fileEncoding = 4; lastKnownFileType = sourcecode.c.objc; path = CCIExample.m; sourceTree = "<group>"; };
		63E2499B24AFA42200F231A1 /* CCIScenarioDefinition.h */ = {isa = PBXFileReference; fileEncoding = 4; lastKnownFileType = sourcecode.c.h; path = CCIScenarioDefinition.h; sourceTree = "<group>"; };
		63E2499C24AFA42200F231A1 /* CCILocation.m */ = {isa = PBXFileReference; fileEncoding = 4; lastKnownFileType = sourcecode.c.objc; path = CCILocation.m; sourceTree = "<group>"; };
		63E2499D24AFA42200F231A1 /* CCIBackground.m */ = {isa = PBXFileReference; fileEncoding = 4; lastKnownFileType = sourcecode.c.objc; path = CCIBackground.m; sourceTree = "<group>"; };
		63E249A024AFA42200F231A1 /* GHGherkinDialectProviderProtocol.h */ = {isa = PBXFileReference; fileEncoding = 4; lastKnownFileType = sourcecode.c.h; path = GHGherkinDialectProviderProtocol.h; sourceTree = "<group>"; };
		63E249A124AFA42200F231A1 /* GHHasRowsProtocol.h */ = {isa = PBXFileReference; fileEncoding = 4; lastKnownFileType = sourcecode.c.h; path = GHHasRowsProtocol.h; sourceTree = "<group>"; };
		63E249A224AFA42200F231A1 /* GHParserException.h */ = {isa = PBXFileReference; fileEncoding = 4; lastKnownFileType = sourcecode.c.h; path = GHParserException.h; sourceTree = "<group>"; };
		63E249A324AFA42200F231A1 /* GHGherkinLanguageConstants.h */ = {isa = PBXFileReference; fileEncoding = 4; lastKnownFileType = sourcecode.c.h; path = GHGherkinLanguageConstants.h; sourceTree = "<group>"; };
		63E249A424AFA42200F231A1 /* NSString+Trim.h */ = {isa = PBXFileReference; fileEncoding = 4; lastKnownFileType = sourcecode.c.h; path = "NSString+Trim.h"; sourceTree = "<group>"; };
		63E249A524AFA42200F231A1 /* GHFeature.m */ = {isa = PBXFileReference; fileEncoding = 4; lastKnownFileType = sourcecode.c.objc; path = GHFeature.m; sourceTree = "<group>"; };
		63E249A624AFA42200F231A1 /* GHExamples.h */ = {isa = PBXFileReference; fileEncoding = 4; lastKnownFileType = sourcecode.c.h; path = GHExamples.h; sourceTree = "<group>"; };
		63E249A724AFA42200F231A1 /* GHToken.m */ = {isa = PBXFileReference; fileEncoding = 4; lastKnownFileType = sourcecode.c.objc; path = GHToken.m; sourceTree = "<group>"; };
		63E249A824AFA42200F231A1 /* GHHasTagsProtocol.h */ = {isa = PBXFileReference; fileEncoding = 4; lastKnownFileType = sourcecode.c.h; path = GHHasTagsProtocol.h; sourceTree = "<group>"; };
		63E249A924AFA42200F231A1 /* GHAstNode.m */ = {isa = PBXFileReference; fileEncoding = 4; lastKnownFileType = sourcecode.c.objc; path = GHAstNode.m; sourceTree = "<group>"; };
		63E249AA24AFA42200F231A1 /* GHTableCell.m */ = {isa = PBXFileReference; fileEncoding = 4; lastKnownFileType = sourcecode.c.objc; path = GHTableCell.m; sourceTree = "<group>"; };
		63E249AB24AFA42200F231A1 /* GHHasStepsProtocol.h */ = {isa = PBXFileReference; fileEncoding = 4; lastKnownFileType = sourcecode.c.h; path = GHHasStepsProtocol.h; sourceTree = "<group>"; };
		63E249AC24AFA42200F231A1 /* GHHasLocationProtocol.h */ = {isa = PBXFileReference; fileEncoding = 4; lastKnownFileType = sourcecode.c.h; path = GHHasLocationProtocol.h; sourceTree = "<group>"; };
		63E249AD24AFA42200F231A1 /* GHComment.m */ = {isa = PBXFileReference; fileEncoding = 4; lastKnownFileType = sourcecode.c.objc; path = GHComment.m; sourceTree = "<group>"; };
		63E249AE24AFA42200F231A1 /* GHGherkinDialectProvider.h */ = {isa = PBXFileReference; fileEncoding = 4; lastKnownFileType = sourcecode.c.h; path = GHGherkinDialectProvider.h; sourceTree = "<group>"; };
		63E249AF24AFA42200F231A1 /* GHLocation.h */ = {isa = PBXFileReference; fileEncoding = 4; lastKnownFileType = sourcecode.c.h; path = GHLocation.h; sourceTree = "<group>"; };
		63E249B024AFA42200F231A1 /* GHBackground.m */ = {isa = PBXFileReference; fileEncoding = 4; lastKnownFileType = sourcecode.c.objc; path = GHBackground.m; sourceTree = "<group>"; };
		63E249B124AFA42200F231A1 /* GHScenarioOutline.m */ = {isa = PBXFileReference; fileEncoding = 4; lastKnownFileType = sourcecode.c.objc; path = GHScenarioOutline.m; sourceTree = "<group>"; };
		63E249B224AFA42200F231A1 /* GHGherkinDialect.m */ = {isa = PBXFileReference; fileEncoding = 4; lastKnownFileType = sourcecode.c.objc; path = GHGherkinDialect.m; sourceTree = "<group>"; };
		63E249B324AFA42200F231A1 /* GHScenarioDefinition.h */ = {isa = PBXFileReference; fileEncoding = 4; lastKnownFileType = sourcecode.c.h; path = GHScenarioDefinition.h; sourceTree = "<group>"; };
		63E249B424AFA42200F231A1 /* GHTokenScanner.m */ = {isa = PBXFileReference; fileEncoding = 4; lastKnownFileType = sourcecode.c.objc; path = GHTokenScanner.m; sourceTree = "<group>"; };
		63E249B524AFA42200F231A1 /* GHStepArgument.h */ = {isa = PBXFileReference; fileEncoding = 4; lastKnownFileType = sourcecode.c.h; path = GHStepArgument.h; sourceTree = "<group>"; };
		63E249B624AFA42200F231A1 /* GHNode.m */ = {isa = PBXFileReference; fileEncoding = 4; lastKnownFileType = sourcecode.c.objc; path = GHNode.m; sourceTree = "<group>"; };
		63E249B724AFA42200F231A1 /* GHGherkinLine.h */ = {isa = PBXFileReference; fileEncoding = 4; lastKnownFileType = sourcecode.c.h; path = GHGherkinLine.h; sourceTree = "<group>"; };
		63E249B824AFA42200F231A1 /* GHDocString.m */ = {isa = PBXFileReference; fileEncoding = 4; lastKnownFileType = sourcecode.c.objc; path = GHDocString.m; sourceTree = "<group>"; };
		63E249B924AFA42200F231A1 /* GHTableRow.h */ = {isa = PBXFileReference; fileEncoding = 4; lastKnownFileType = sourcecode.c.h; path = GHTableRow.h; sourceTree = "<group>"; };
		63E249BA24AFA42200F231A1 /* GHGherkinLanguageSetting.m */ = {isa = PBXFileReference; fileEncoding = 4; lastKnownFileType = sourcecode.c.objc; path = GHGherkinLanguageSetting.m; sourceTree = "<group>"; };
		63E249BB24AFA42200F231A1 /* GHParser+Extensions.m */ = {isa = PBXFileReference; fileEncoding = 4; lastKnownFileType = sourcecode.c.objc; path = "GHParser+Extensions.m"; sourceTree = "<group>"; };
		63E249BC24AFA42200F231A1 /* GHParser.h */ = {isa = PBXFileReference; fileEncoding = 4; lastKnownFileType = sourcecode.c.h; path = GHParser.h; sourceTree = "<group>"; };
		63E249BD24AFA42200F231A1 /* GHTag.m */ = {isa = PBXFileReference; fileEncoding = 4; lastKnownFileType = sourcecode.c.objc; path = GHTag.m; sourceTree = "<group>"; };
		63E249BE24AFA42200F231A1 /* GHAstBuilder.h */ = {isa = PBXFileReference; fileEncoding = 4; lastKnownFileType = sourcecode.c.h; path = GHAstBuilder.h; sourceTree = "<group>"; };
		63E249BF24AFA42200F231A1 /* GHScenario.m */ = {isa = PBXFileReference; fileEncoding = 4; lastKnownFileType = sourcecode.c.objc; path = GHScenario.m; sourceTree = "<group>"; };
		63E249C024AFA42200F231A1 /* GHStep.m */ = {isa = PBXFileReference; fileEncoding = 4; lastKnownFileType = sourcecode.c.objc; path = GHStep.m; sourceTree = "<group>"; };
		63E249C124AFA42200F231A1 /* GHGherkinLineSpan.h */ = {isa = PBXFileReference; fileEncoding = 4; lastKnownFileType = sourcecode.c.h; path = GHGherkinLineSpan.h; sourceTree = "<group>"; };
		63E249C224AFA42200F231A1 /* GHTokenMatcher.h */ = {isa = PBXFileReference; fileEncoding = 4; lastKnownFileType = sourcecode.c.h; path = GHTokenMatcher.h; sourceTree = "<group>"; };
		63E249C324AFA42200F231A1 /* GHDataTable.m */ = {isa = PBXFileReference; fileEncoding = 4; lastKnownFileType = sourcecode.c.objc; path = GHDataTable.m; sourceTree = "<group>"; };
		63E249C424AFA42200F231A1 /* GHGherkinLanguageConstants.m */ = {isa = PBXFileReference; fileEncoding = 4; lastKnownFileType = sourcecode.c.objc; path = GHGherkinLanguageConstants.m; sourceTree = "<group>"; };
		63E249C524AFA42200F231A1 /* NSString+Trim.m */ = {isa = PBXFileReference; fileEncoding = 4; lastKnownFileType = sourcecode.c.objc; path = "NSString+Trim.m"; sourceTree = "<group>"; };
		63E249C624AFA42200F231A1 /* GHGherkinLineProtocol.h */ = {isa = PBXFileReference; fileEncoding = 4; lastKnownFileType = sourcecode.c.h; path = GHGherkinLineProtocol.h; sourceTree = "<group>"; };
		63E249C724AFA42200F231A1 /* GHParserException.m */ = {isa = PBXFileReference; fileEncoding = 4; lastKnownFileType = sourcecode.c.objc; path = GHParserException.m; sourceTree = "<group>"; };
		63E249C824AFA42200F231A1 /* GHBackground.h */ = {isa = PBXFileReference; fileEncoding = 4; lastKnownFileType = sourcecode.c.h; path = GHBackground.h; sourceTree = "<group>"; };
		63E249C924AFA42200F231A1 /* GHLocation.m */ = {isa = PBXFileReference; fileEncoding = 4; lastKnownFileType = sourcecode.c.objc; path = GHLocation.m; sourceTree = "<group>"; };
		63E249CA24AFA42200F231A1 /* GHGherkinDialectProvider.m */ = {isa = PBXFileReference; fileEncoding = 4; lastKnownFileType = sourcecode.c.objc; path = GHGherkinDialectProvider.m; sourceTree = "<group>"; };
		63E249CB24AFA42200F231A1 /* GHComment.h */ = {isa = PBXFileReference; fileEncoding = 4; lastKnownFileType = sourcecode.c.h; path = GHComment.h; sourceTree = "<group>"; };
		63E249CC24AFA42200F231A1 /* GHTableCell.h */ = {isa = PBXFileReference; fileEncoding = 4; lastKnownFileType = sourcecode.c.h; path = GHTableCell.h; sourceTree = "<group>"; };
		63E249CD24AFA42200F231A1 /* GHToken.h */ = {isa = PBXFileReference; fileEncoding = 4; lastKnownFileType = sourcecode.c.h; path = GHToken.h; sourceTree = "<group>"; };
		63E249CE24AFA42200F231A1 /* GHAstNode.h */ = {isa = PBXFileReference; fileEncoding = 4; lastKnownFileType = sourcecode.c.h; path = GHAstNode.h; sourceTree = "<group>"; };
		63E249CF24AFA42200F231A1 /* GHExamples.m */ = {isa = PBXFileReference; fileEncoding = 4; lastKnownFileType = sourcecode.c.objc; path = GHExamples.m; sourceTree = "<group>"; };
		63E249D024AFA42200F231A1 /* GHFeature.h */ = {isa = PBXFileReference; fileEncoding = 4; lastKnownFileType = sourcecode.c.h; path = GHFeature.h; sourceTree = "<group>"; };
		63E249D124AFA42200F231A1 /* gherkin-languages.json */ = {isa = PBXFileReference; fileEncoding = 4; lastKnownFileType = text.json; path = "gherkin-languages.json"; sourceTree = "<group>"; };
		63E249D224AFA42200F231A1 /* GHScenarioDefinition_Private.h */ = {isa = PBXFileReference; fileEncoding = 4; lastKnownFileType = sourcecode.c.h; path = GHScenarioDefinition_Private.h; sourceTree = "<group>"; };
		63E249D324AFA42200F231A1 /* GHParser.m */ = {isa = PBXFileReference; fileEncoding = 4; lastKnownFileType = sourcecode.c.objc; path = GHParser.m; sourceTree = "<group>"; };
		63E249D424AFA42200F231A1 /* GHParser+Extensions.h */ = {isa = PBXFileReference; fileEncoding = 4; lastKnownFileType = sourcecode.c.h; path = "GHParser+Extensions.h"; sourceTree = "<group>"; };
		63E249D524AFA42200F231A1 /* GHGherkinLanguageSetting.h */ = {isa = PBXFileReference; fileEncoding = 4; lastKnownFileType = sourcecode.c.h; path = GHGherkinLanguageSetting.h; sourceTree = "<group>"; };
		63E249D624AFA42200F231A1 /* GHTableRow.m */ = {isa = PBXFileReference; fileEncoding = 4; lastKnownFileType = sourcecode.c.objc; path = GHTableRow.m; sourceTree = "<group>"; };
		63E249D724AFA42200F231A1 /* GHDocString.h */ = {isa = PBXFileReference; fileEncoding = 4; lastKnownFileType = sourcecode.c.h; path = GHDocString.h; sourceTree = "<group>"; };
		63E249D824AFA42200F231A1 /* GHGherkinLine.m */ = {isa = PBXFileReference; fileEncoding = 4; lastKnownFileType = sourcecode.c.objc; path = GHGherkinLine.m; sourceTree = "<group>"; };
		63E249D924AFA42200F231A1 /* GHNode.h */ = {isa = PBXFileReference; fileEncoding = 4; lastKnownFileType = sourcecode.c.h; path = GHNode.h; sourceTree = "<group>"; };
		63E249DA24AFA42200F231A1 /* GHStepArgument.m */ = {isa = PBXFileReference; fileEncoding = 4; lastKnownFileType = sourcecode.c.objc; path = GHStepArgument.m; sourceTree = "<group>"; };
		63E249DB24AFA42200F231A1 /* GHHasDescriptionProtocol.h */ = {isa = PBXFileReference; fileEncoding = 4; lastKnownFileType = sourcecode.c.h; path = GHHasDescriptionProtocol.h; sourceTree = "<group>"; };
		63E249DC24AFA42200F231A1 /* GHTokenScanner.h */ = {isa = PBXFileReference; fileEncoding = 4; lastKnownFileType = sourcecode.c.h; path = GHTokenScanner.h; sourceTree = "<group>"; };
		63E249DD24AFA42200F231A1 /* GHGherkinDialect.h */ = {isa = PBXFileReference; fileEncoding = 4; lastKnownFileType = sourcecode.c.h; path = GHGherkinDialect.h; sourceTree = "<group>"; };
		63E249DE24AFA42200F231A1 /* GHScenarioDefinition.m */ = {isa = PBXFileReference; fileEncoding = 4; lastKnownFileType = sourcecode.c.objc; path = GHScenarioDefinition.m; sourceTree = "<group>"; };
		63E249DF24AFA42200F231A1 /* GHScenarioOutline.h */ = {isa = PBXFileReference; fileEncoding = 4; lastKnownFileType = sourcecode.c.h; path = GHScenarioOutline.h; sourceTree = "<group>"; };
		63E249E024AFA42200F231A1 /* GHDataTable.h */ = {isa = PBXFileReference; fileEncoding = 4; lastKnownFileType = sourcecode.c.h; path = GHDataTable.h; sourceTree = "<group>"; };
		63E249E124AFA42200F231A1 /* GHGherkinLineSpan.m */ = {isa = PBXFileReference; fileEncoding = 4; lastKnownFileType = sourcecode.c.objc; path = GHGherkinLineSpan.m; sourceTree = "<group>"; };
		63E249E224AFA42200F231A1 /* GHTokenMatcher.m */ = {isa = PBXFileReference; fileEncoding = 4; lastKnownFileType = sourcecode.c.objc; path = GHTokenMatcher.m; sourceTree = "<group>"; };
		63E249E324AFA42200F231A1 /* GHStep.h */ = {isa = PBXFileReference; fileEncoding = 4; lastKnownFileType = sourcecode.c.h; path = GHStep.h; sourceTree = "<group>"; };
		63E249E424AFA42200F231A1 /* GHAstBuilder.m */ = {isa = PBXFileReference; fileEncoding = 4; lastKnownFileType = sourcecode.c.objc; path = GHAstBuilder.m; sourceTree = "<group>"; };
		63E249E524AFA42200F231A1 /* GHScenario.h */ = {isa = PBXFileReference; fileEncoding = 4; lastKnownFileType = sourcecode.c.h; path = GHScenario.h; sourceTree = "<group>"; };
		63E249E624AFA42200F231A1 /* GHTag.h */ = {isa = PBXFileReference; fileEncoding = 4; lastKnownFileType = sourcecode.c.h; path = GHTag.h; sourceTree = "<group>"; };
		63E249E824AFA42200F231A1 /* NSString+Formatter.m */ = {isa = PBXFileReference; fileEncoding = 4; lastKnownFileType = sourcecode.c.objc; path = "NSString+Formatter.m"; sourceTree = "<group>"; };
		63E249E924AFA42200F231A1 /* NSObject+Dictionary.h */ = {isa = PBXFileReference; fileEncoding = 4; lastKnownFileType = sourcecode.c.h; path = "NSObject+Dictionary.h"; sourceTree = "<group>"; };
		63E249EA24AFA42200F231A1 /* XCTestCase+RecordFailure.m */ = {isa = PBXFileReference; fileEncoding = 4; lastKnownFileType = sourcecode.c.objc; path = "XCTestCase+RecordFailure.m"; sourceTree = "<group>"; };
		63E249EB24AFA42200F231A1 /* NSArray+Hashes.m */ = {isa = PBXFileReference; fileEncoding = 4; lastKnownFileType = sourcecode.c.objc; path = "NSArray+Hashes.m"; sourceTree = "<group>"; };
		63E249EC24AFA42200F231A1 /* NSObject+Dictionary.m */ = {isa = PBXFileReference; fileEncoding = 4; lastKnownFileType = sourcecode.c.objc; path = "NSObject+Dictionary.m"; sourceTree = "<group>"; };
		63E249ED24AFA42200F231A1 /* NSString+Formatter.h */ = {isa = PBXFileReference; fileEncoding = 4; lastKnownFileType = sourcecode.c.h; path = "NSString+Formatter.h"; sourceTree = "<group>"; };
		63E249EE24AFA42200F231A1 /* NSArray+Hashes.h */ = {isa = PBXFileReference; fileEncoding = 4; lastKnownFileType = sourcecode.c.h; path = "NSArray+Hashes.h"; sourceTree = "<group>"; };
		63E249EF24AFA42200F231A1 /* XCTestCase+RecordFailure.h */ = {isa = PBXFileReference; fileEncoding = 4; lastKnownFileType = sourcecode.c.h; path = "XCTestCase+RecordFailure.h"; sourceTree = "<group>"; };
		63E249F024AFA42200F231A1 /* Cucumberish.h */ = {isa = PBXFileReference; fileEncoding = 4; lastKnownFileType = sourcecode.c.h; path = Cucumberish.h; sourceTree = "<group>"; };
		63E249F124AFA42200F231A1 /* Cucumberish.m */ = {isa = PBXFileReference; fileEncoding = 4; lastKnownFileType = sourcecode.c.objc; path = Cucumberish.m; sourceTree = "<group>"; };
		63E24A2524AFA4BF00F231A1 /* Features */ = {isa = PBXFileReference; lastKnownFileType = folder; path = Features; sourceTree = "<group>"; };
		63E24A2724AFA5E000F231A1 /* CucumberishInit.m */ = {isa = PBXFileReference; lastKnownFileType = sourcecode.c.objc; path = CucumberishInit.m; sourceTree = "<group>"; };
		6B8F23A224AE6D5B00F2CD5B /* BeagleDemoUITests.xctest */ = {isa = PBXFileReference; explicitFileType = wrapper.cfbundle; includeInIndex = 0; path = BeagleDemoUITests.xctest; sourceTree = BUILT_PRODUCTS_DIR; };
		6B8F23CB24AE6E6400F2CD5B /* BeagleDemoUITests-Bridging-Header.h */ = {isa = PBXFileReference; lastKnownFileType = sourcecode.c.h; path = "BeagleDemoUITests-Bridging-Header.h"; sourceTree = "<group>"; };
		6B8F23CD24AE6E6500F2CD5B /* BeagleDemoTestBase.swift */ = {isa = PBXFileReference; fileEncoding = 4; lastKnownFileType = sourcecode.swift; path = BeagleDemoTestBase.swift; sourceTree = "<group>"; };
		6B8F23CF24AE6E6500F2CD5B /* BeagleDemoElements.swift */ = {isa = PBXFileReference; fileEncoding = 4; lastKnownFileType = sourcecode.swift; path = BeagleDemoElements.swift; sourceTree = "<group>"; };
		6B8F23D024AE6E6500F2CD5B /* BeagleDemoUITests.swift */ = {isa = PBXFileReference; fileEncoding = 4; lastKnownFileType = sourcecode.swift; path = BeagleDemoUITests.swift; sourceTree = "<group>"; };
		6B8F23D124AE6E6500F2CD5B /* Info.plist */ = {isa = PBXFileReference; fileEncoding = 4; lastKnownFileType = text.plist.xml; path = Info.plist; sourceTree = "<group>"; };
		6B8F23D324AE6E6500F2CD5B /* BeagleDemoSteps.swift */ = {isa = PBXFileReference; fileEncoding = 4; lastKnownFileType = sourcecode.swift; path = BeagleDemoSteps.swift; sourceTree = "<group>"; };
		6B8F23D524AE6E6500F2CD5B /* BeagleDemoTests.swift */ = {isa = PBXFileReference; fileEncoding = 4; lastKnownFileType = sourcecode.swift; path = BeagleDemoTests.swift; sourceTree = "<group>"; };
		6E2C784C2419853A00448728 /* Constants.swift */ = {isa = PBXFileReference; lastKnownFileType = sourcecode.swift; path = Constants.swift; sourceTree = "<group>"; };
		6E4EE6C0240E970000624DFB /* ScreenDeepLink.swift */ = {isa = PBXFileReference; lastKnownFileType = sourcecode.swift; path = ScreenDeepLink.swift; sourceTree = "<group>"; };
		6E4EE6C6240E9C0B00624DFB /* ViewLayoutHelper.swift */ = {isa = PBXFileReference; lastKnownFileType = sourcecode.swift; path = ViewLayoutHelper.swift; sourceTree = "<group>"; };
		6ED5B09D240464520070CB9D /* BeagleStyle.swift */ = {isa = PBXFileReference; lastKnownFileType = sourcecode.swift; path = BeagleStyle.swift; sourceTree = "<group>"; };
		7685B042249A879F007EDED0 /* SendRequestScreen.swift */ = {isa = PBXFileReference; fileEncoding = 4; lastKnownFileType = sourcecode.swift; path = SendRequestScreen.swift; sourceTree = "<group>"; };
		9313EB9223A2B388003BC24C /* BeagleUI.framework */ = {isa = PBXFileReference; explicitFileType = wrapper.framework; path = BeagleUI.framework; sourceTree = BUILT_PRODUCTS_DIR; };
		932925AE2327E0E400A61F01 /* BeagleDemo.app */ = {isa = PBXFileReference; explicitFileType = wrapper.application; includeInIndex = 0; path = BeagleDemo.app; sourceTree = BUILT_PRODUCTS_DIR; };
		932925B12327E0E400A61F01 /* AppDelegate.swift */ = {isa = PBXFileReference; lastKnownFileType = sourcecode.swift; path = AppDelegate.swift; sourceTree = "<group>"; };
		932925B82327E0E400A61F01 /* Base */ = {isa = PBXFileReference; lastKnownFileType = file.storyboard; name = Base; path = Base.lproj/Main.storyboard; sourceTree = "<group>"; };
		932925BA2327E0E500A61F01 /* Assets.xcassets */ = {isa = PBXFileReference; lastKnownFileType = folder.assetcatalog; path = Assets.xcassets; sourceTree = "<group>"; };
		932925BD2327E0E500A61F01 /* Base */ = {isa = PBXFileReference; lastKnownFileType = file.storyboard; name = Base; path = Base.lproj/LaunchScreen.storyboard; sourceTree = "<group>"; };
		932925BF2327E0E500A61F01 /* Info.plist */ = {isa = PBXFileReference; lastKnownFileType = text.plist.xml; path = Info.plist; sourceTree = "<group>"; };
		93D8DC0C248965D10070CB41 /* ComponentInteractionScreen.swift */ = {isa = PBXFileReference; lastKnownFileType = sourcecode.swift; path = ComponentInteractionScreen.swift; sourceTree = "<group>"; };
		93EAFA4B24083C7B00B73522 /* ListViewScreen.swift */ = {isa = PBXFileReference; lastKnownFileType = sourcecode.swift; path = ListViewScreen.swift; sourceTree = "<group>"; };
		98A7F36B23A926C600E88C70 /* TabViewScreen.swift */ = {isa = PBXFileReference; lastKnownFileType = sourcecode.swift; path = TabViewScreen.swift; sourceTree = "<group>"; };
		98E08D2224228DD200FBD21B /* WebViewScreen.swift */ = {isa = PBXFileReference; lastKnownFileType = sourcecode.swift; path = WebViewScreen.swift; sourceTree = "<group>"; };
		A024CF1824994201009BB92D /* BeagleSchema.framework */ = {isa = PBXFileReference; explicitFileType = wrapper.framework; path = BeagleSchema.framework; sourceTree = BUILT_PRODUCTS_DIR; };
		A038C8FC2407073D001164B1 /* FormScreen.swift */ = {isa = PBXFileReference; lastKnownFileType = sourcecode.swift; path = FormScreen.swift; sourceTree = "<group>"; };
		A0642DC72395A1840028AFF3 /* DeeplinkScreenManager.swift */ = {isa = PBXFileReference; lastKnownFileType = sourcecode.swift; path = DeeplinkScreenManager.swift; sourceTree = "<group>"; };
		A0642DCA23968A020028AFF3 /* MainScreen.swift */ = {isa = PBXFileReference; lastKnownFileType = sourcecode.swift; path = MainScreen.swift; sourceTree = "<group>"; };
		A0642DCC23968B500028AFF3 /* LazyComponentScreen.swift */ = {isa = PBXFileReference; lastKnownFileType = sourcecode.swift; path = LazyComponentScreen.swift; sourceTree = "<group>"; };
		A0642DD02396EC670028AFF3 /* PageViewScreen.swift */ = {isa = PBXFileReference; lastKnownFileType = sourcecode.swift; path = PageViewScreen.swift; sourceTree = "<group>"; };
		C0479F58243282F00040E30C /* AnalyticsMock.swift */ = {isa = PBXFileReference; lastKnownFileType = sourcecode.swift; path = AnalyticsMock.swift; sourceTree = "<group>"; };
		C09F40F6249A8FFE002605EE /* TextContainer.swift */ = {isa = PBXFileReference; lastKnownFileType = sourcecode.swift; path = TextContainer.swift; sourceTree = "<group>"; };
		C09F40FD249AAAEE002605EE /* CustomActionableContainer.swift */ = {isa = PBXFileReference; lastKnownFileType = sourcecode.swift; path = CustomActionableContainer.swift; sourceTree = "<group>"; };
		C09F40FF249AAB0F002605EE /* TextContainerWithAction.swift */ = {isa = PBXFileReference; lastKnownFileType = sourcecode.swift; path = TextContainerWithAction.swift; sourceTree = "<group>"; };
		C09F4101249AAC87002605EE /* SingleCustomActionableContainer.swift */ = {isa = PBXFileReference; lastKnownFileType = sourcecode.swift; path = SingleCustomActionableContainer.swift; sourceTree = "<group>"; };
		C09F4103249AACAB002605EE /* SingleTextContainer.swift */ = {isa = PBXFileReference; lastKnownFileType = sourcecode.swift; path = SingleTextContainer.swift; sourceTree = "<group>"; };
		C09F4108249BD6FD002605EE /* GenerationTests.swift */ = {isa = PBXFileReference; lastKnownFileType = sourcecode.swift; path = GenerationTests.swift; sourceTree = "<group>"; };
		C09F410E249BDEE8002605EE /* BeagleDemoTests.xctest */ = {isa = PBXFileReference; explicitFileType = wrapper.cfbundle; includeInIndex = 0; path = BeagleDemoTests.xctest; sourceTree = BUILT_PRODUCTS_DIR; };
		C09F4112249BDEE8002605EE /* Info.plist */ = {isa = PBXFileReference; lastKnownFileType = text.plist.xml; path = Info.plist; sourceTree = "<group>"; };
		C09F411C249BE46C002605EE /* TextContainer.json */ = {isa = PBXFileReference; lastKnownFileType = text.json; path = TextContainer.json; sourceTree = "<group>"; };
		C09F4120249BE758002605EE /* ComponentFromJsonFile.swift */ = {isa = PBXFileReference; lastKnownFileType = sourcecode.swift; path = ComponentFromJsonFile.swift; sourceTree = "<group>"; };
		C09F4122249BF64B002605EE /* Protocols.swift */ = {isa = PBXFileReference; lastKnownFileType = sourcecode.swift; path = Protocols.swift; sourceTree = "<group>"; };
		C09F4126249C0683002605EE /* CustomActionableContainer.json */ = {isa = PBXFileReference; fileEncoding = 4; lastKnownFileType = text.json; path = CustomActionableContainer.json; sourceTree = "<group>"; };
		C09F4127249C0683002605EE /* SingleCustomActionableContainer.json */ = {isa = PBXFileReference; fileEncoding = 4; lastKnownFileType = text.json; path = SingleCustomActionableContainer.json; sourceTree = "<group>"; };
		C09F4128249C0683002605EE /* SingleTextContainer.json */ = {isa = PBXFileReference; fileEncoding = 4; lastKnownFileType = text.json; path = SingleTextContainer.json; sourceTree = "<group>"; };
		C09F4129249C0683002605EE /* TextContainerWithAction.json */ = {isa = PBXFileReference; fileEncoding = 4; lastKnownFileType = text.json; path = TextContainerWithAction.json; sourceTree = "<group>"; };
		C09F412E249C1B86002605EE /* TextContainerMissingSecondAction.json */ = {isa = PBXFileReference; fileEncoding = 4; lastKnownFileType = text.json; path = TextContainerMissingSecondAction.json; sourceTree = "<group>"; };
		C09F4130249C219D002605EE /* SingleTextContainerWithoutActions.json */ = {isa = PBXFileReference; fileEncoding = 4; lastKnownFileType = text.json; path = SingleTextContainerWithoutActions.json; sourceTree = "<group>"; };
		C0B1AAB523F326BB00F94ECA /* YogaKit.framework */ = {isa = PBXFileReference; explicitFileType = wrapper.framework; path = YogaKit.framework; sourceTree = BUILT_PRODUCTS_DIR; };
		C80AF1332493F0950097D200 /* OtherComponent.swift */ = {isa = PBXFileReference; lastKnownFileType = sourcecode.swift; path = OtherComponent.swift; sourceTree = "<group>"; };
		C8A2F6F12464C1F9002198B1 /* Equality.generated.swift */ = {isa = PBXFileReference; fileEncoding = 4; lastKnownFileType = sourcecode.swift; path = Equality.generated.swift; sourceTree = "<group>"; };
		C8A2F6F22464C1F9002198B1 /* AutoDecodable.generated.swift */ = {isa = PBXFileReference; fileEncoding = 4; lastKnownFileType = sourcecode.swift; path = AutoDecodable.generated.swift; sourceTree = "<group>"; };
		E75619882408365B0025E0A9 /* DSCollection.swift */ = {isa = PBXFileReference; lastKnownFileType = sourcecode.swift; path = DSCollection.swift; sourceTree = "<group>"; };
		E756198C240865150025E0A9 /* DSCollectionViewCell.swift */ = {isa = PBXFileReference; lastKnownFileType = sourcecode.swift; path = DSCollectionViewCell.swift; sourceTree = "<group>"; };
		E756198E2408691A0025E0A9 /* CustomComponentScreen.swift */ = {isa = PBXFileReference; lastKnownFileType = sourcecode.swift; path = CustomComponentScreen.swift; sourceTree = "<group>"; };
		E756199024086AA20025E0A9 /* DSCollectionUIComponent.swift */ = {isa = PBXFileReference; fileEncoding = 4; lastKnownFileType = sourcecode.swift; path = DSCollectionUIComponent.swift; sourceTree = "<group>"; };
/* End PBXFileReference section */

/* Begin PBXFrameworksBuildPhase section */
		6B8F239F24AE6D5B00F2CD5B /* Frameworks */ = {
			isa = PBXFrameworksBuildPhase;
			buildActionMask = 2147483647;
			files = (
			);
			runOnlyForDeploymentPostprocessing = 0;
		};
		932925AB2327E0E400A61F01 /* Frameworks */ = {
			isa = PBXFrameworksBuildPhase;
			buildActionMask = 2147483647;
			files = (
				C0B1AAB323F326A100F94ECA /* BeagleUI.framework in Frameworks */,
				C0B1AAB623F326BB00F94ECA /* YogaKit.framework in Frameworks */,
				A024CF1924994201009BB92D /* BeagleSchema.framework in Frameworks */,
			);
			runOnlyForDeploymentPostprocessing = 0;
		};
		C09F410B249BDEE8002605EE /* Frameworks */ = {
			isa = PBXFrameworksBuildPhase;
			buildActionMask = 2147483647;
			files = (
			);
			runOnlyForDeploymentPostprocessing = 0;
		};
/* End PBXFrameworksBuildPhase section */

/* Begin PBXGroup section */
		63E2497D24AFA42200F231A1 /* Cucumberish */ = {
			isa = PBXGroup;
			children = (
				63E2497E24AFA42200F231A1 /* Core */,
				63E2499E24AFA42200F231A1 /* Dependencies */,
				63E249E724AFA42200F231A1 /* Utils */,
				63E249F024AFA42200F231A1 /* Cucumberish.h */,
				63E249F124AFA42200F231A1 /* Cucumberish.m */,
			);
			path = Cucumberish;
			sourceTree = "<group>";
		};
		63E2497E24AFA42200F231A1 /* Core */ = {
			isa = PBXGroup;
			children = (
				63E2497F24AFA42200F231A1 /* Managers */,
				63E2498624AFA42200F231A1 /* CCIBlockDefinitions.h */,
				63E2498724AFA42200F231A1 /* Models */,
			);
			path = Core;
			sourceTree = "<group>";
		};
		63E2497F24AFA42200F231A1 /* Managers */ = {
			isa = PBXGroup;
			children = (
				63E2498024AFA42200F231A1 /* CCIStepsManager.m */,
				63E2498124AFA42200F231A1 /* CCIFeaturesManager.m */,
				63E2498224AFA42200F231A1 /* CCILoggingManager.m */,
				63E2498324AFA42200F231A1 /* CCIStepsManager.h */,
				63E2498424AFA42200F231A1 /* CCIFeaturesManager.h */,
				63E2498524AFA42200F231A1 /* CCILoggingManager.h */,
			);
			path = Managers;
			sourceTree = "<group>";
		};
		63E2498724AFA42200F231A1 /* Models */ = {
			isa = PBXGroup;
			children = (
				63E2498824AFA42200F231A1 /* CCIAroundHock.h */,
				63E2498924AFA42200F231A1 /* CCIArgument.m */,
				63E2498A24AFA42200F231A1 /* CCIFeature.h */,
				63E2498B24AFA42200F231A1 /* CCIHock.m */,
				63E2498C24AFA42200F231A1 /* CCIStepDefinition.m */,
				63E2498D24AFA42200F231A1 /* CCIStep.h */,
				63E2498E24AFA42200F231A1 /* CCIJSONDumper.m */,
				63E2498F24AFA42200F231A1 /* CCILocation.h */,
				63E2499024AFA42200F231A1 /* CCIBackground.h */,
				63E2499124AFA42200F231A1 /* CCIScenarioDefinition.m */,
				63E2499224AFA42200F231A1 /* CCIExample.h */,
				63E2499324AFA42200F231A1 /* CCIArgument.h */,
				63E2499424AFA42200F231A1 /* CCIAroundHock.m */,
				63E2499524AFA42200F231A1 /* CCIFeature.m */,
				63E2499624AFA42200F231A1 /* CCIJSONDumper.h */,
				63E2499724AFA42200F231A1 /* CCIStep.m */,
				63E2499824AFA42200F231A1 /* CCIStepDefinition.h */,
				63E2499924AFA42200F231A1 /* CCIHock.h */,
				63E2499A24AFA42200F231A1 /* CCIExample.m */,
				63E2499B24AFA42200F231A1 /* CCIScenarioDefinition.h */,
				63E2499C24AFA42200F231A1 /* CCILocation.m */,
				63E2499D24AFA42200F231A1 /* CCIBackground.m */,
			);
			path = Models;
			sourceTree = "<group>";
		};
		63E2499E24AFA42200F231A1 /* Dependencies */ = {
			isa = PBXGroup;
			children = (
				63E2499F24AFA42200F231A1 /* Gherkin */,
			);
			path = Dependencies;
			sourceTree = "<group>";
		};
		63E2499F24AFA42200F231A1 /* Gherkin */ = {
			isa = PBXGroup;
			children = (
				63E249A024AFA42200F231A1 /* GHGherkinDialectProviderProtocol.h */,
				63E249A124AFA42200F231A1 /* GHHasRowsProtocol.h */,
				63E249A224AFA42200F231A1 /* GHParserException.h */,
				63E249A324AFA42200F231A1 /* GHGherkinLanguageConstants.h */,
				63E249A424AFA42200F231A1 /* NSString+Trim.h */,
				63E249A524AFA42200F231A1 /* GHFeature.m */,
				63E249A624AFA42200F231A1 /* GHExamples.h */,
				63E249A724AFA42200F231A1 /* GHToken.m */,
				63E249A824AFA42200F231A1 /* GHHasTagsProtocol.h */,
				63E249A924AFA42200F231A1 /* GHAstNode.m */,
				63E249AA24AFA42200F231A1 /* GHTableCell.m */,
				63E249AB24AFA42200F231A1 /* GHHasStepsProtocol.h */,
				63E249AC24AFA42200F231A1 /* GHHasLocationProtocol.h */,
				63E249AD24AFA42200F231A1 /* GHComment.m */,
				63E249AE24AFA42200F231A1 /* GHGherkinDialectProvider.h */,
				63E249AF24AFA42200F231A1 /* GHLocation.h */,
				63E249B024AFA42200F231A1 /* GHBackground.m */,
				63E249B124AFA42200F231A1 /* GHScenarioOutline.m */,
				63E249B224AFA42200F231A1 /* GHGherkinDialect.m */,
				63E249B324AFA42200F231A1 /* GHScenarioDefinition.h */,
				63E249B424AFA42200F231A1 /* GHTokenScanner.m */,
				63E249B524AFA42200F231A1 /* GHStepArgument.h */,
				63E249B624AFA42200F231A1 /* GHNode.m */,
				63E249B724AFA42200F231A1 /* GHGherkinLine.h */,
				63E249B824AFA42200F231A1 /* GHDocString.m */,
				63E249B924AFA42200F231A1 /* GHTableRow.h */,
				63E249BA24AFA42200F231A1 /* GHGherkinLanguageSetting.m */,
				63E249BB24AFA42200F231A1 /* GHParser+Extensions.m */,
				63E249BC24AFA42200F231A1 /* GHParser.h */,
				63E249BD24AFA42200F231A1 /* GHTag.m */,
				63E249BE24AFA42200F231A1 /* GHAstBuilder.h */,
				63E249BF24AFA42200F231A1 /* GHScenario.m */,
				63E249C024AFA42200F231A1 /* GHStep.m */,
				63E249C124AFA42200F231A1 /* GHGherkinLineSpan.h */,
				63E249C224AFA42200F231A1 /* GHTokenMatcher.h */,
				63E249C324AFA42200F231A1 /* GHDataTable.m */,
				63E249C424AFA42200F231A1 /* GHGherkinLanguageConstants.m */,
				63E249C524AFA42200F231A1 /* NSString+Trim.m */,
				63E249C624AFA42200F231A1 /* GHGherkinLineProtocol.h */,
				63E249C724AFA42200F231A1 /* GHParserException.m */,
				63E249C824AFA42200F231A1 /* GHBackground.h */,
				63E249C924AFA42200F231A1 /* GHLocation.m */,
				63E249CA24AFA42200F231A1 /* GHGherkinDialectProvider.m */,
				63E249CB24AFA42200F231A1 /* GHComment.h */,
				63E249CC24AFA42200F231A1 /* GHTableCell.h */,
				63E249CD24AFA42200F231A1 /* GHToken.h */,
				63E249CE24AFA42200F231A1 /* GHAstNode.h */,
				63E249CF24AFA42200F231A1 /* GHExamples.m */,
				63E249D024AFA42200F231A1 /* GHFeature.h */,
				63E249D124AFA42200F231A1 /* gherkin-languages.json */,
				63E249D224AFA42200F231A1 /* GHScenarioDefinition_Private.h */,
				63E249D324AFA42200F231A1 /* GHParser.m */,
				63E249D424AFA42200F231A1 /* GHParser+Extensions.h */,
				63E249D524AFA42200F231A1 /* GHGherkinLanguageSetting.h */,
				63E249D624AFA42200F231A1 /* GHTableRow.m */,
				63E249D724AFA42200F231A1 /* GHDocString.h */,
				63E249D824AFA42200F231A1 /* GHGherkinLine.m */,
				63E249D924AFA42200F231A1 /* GHNode.h */,
				63E249DA24AFA42200F231A1 /* GHStepArgument.m */,
				63E249DB24AFA42200F231A1 /* GHHasDescriptionProtocol.h */,
				63E249DC24AFA42200F231A1 /* GHTokenScanner.h */,
				63E249DD24AFA42200F231A1 /* GHGherkinDialect.h */,
				63E249DE24AFA42200F231A1 /* GHScenarioDefinition.m */,
				63E249DF24AFA42200F231A1 /* GHScenarioOutline.h */,
				63E249E024AFA42200F231A1 /* GHDataTable.h */,
				63E249E124AFA42200F231A1 /* GHGherkinLineSpan.m */,
				63E249E224AFA42200F231A1 /* GHTokenMatcher.m */,
				63E249E324AFA42200F231A1 /* GHStep.h */,
				63E249E424AFA42200F231A1 /* GHAstBuilder.m */,
				63E249E524AFA42200F231A1 /* GHScenario.h */,
				63E249E624AFA42200F231A1 /* GHTag.h */,
			);
			path = Gherkin;
			sourceTree = "<group>";
		};
		63E249E724AFA42200F231A1 /* Utils */ = {
			isa = PBXGroup;
			children = (
				63E249E824AFA42200F231A1 /* NSString+Formatter.m */,
				63E249E924AFA42200F231A1 /* NSObject+Dictionary.h */,
				63E249EA24AFA42200F231A1 /* XCTestCase+RecordFailure.m */,
				63E249EB24AFA42200F231A1 /* NSArray+Hashes.m */,
				63E249EC24AFA42200F231A1 /* NSObject+Dictionary.m */,
				63E249ED24AFA42200F231A1 /* NSString+Formatter.h */,
				63E249EE24AFA42200F231A1 /* NSArray+Hashes.h */,
				63E249EF24AFA42200F231A1 /* XCTestCase+RecordFailure.h */,
			);
			path = Utils;
			sourceTree = "<group>";
		};
		6B8F23A324AE6D5B00F2CD5B /* BeagleDemoUITests */ = {
			isa = PBXGroup;
			children = (
				63E24A2524AFA4BF00F231A1 /* Features */,
				63E2497D24AFA42200F231A1 /* Cucumberish */,
				6B8F23CC24AE6E6500F2CD5B /* Base */,
				6B8F23D024AE6E6500F2CD5B /* BeagleDemoUITests.swift */,
				6B8F23D124AE6E6500F2CD5B /* Info.plist */,
				6B8F23CB24AE6E6400F2CD5B /* BeagleDemoUITests-Bridging-Header.h */,
				6B8F23CE24AE6E6500F2CD5B /* Elements */,
				6B8F23D224AE6E6500F2CD5B /* Steps */,
				6B8F23D424AE6E6500F2CD5B /* Tests */,
				63E24A2724AFA5E000F231A1 /* CucumberishInit.m */,
			);
			path = BeagleDemoUITests;
			sourceTree = "<group>";
		};
		6B8F23CC24AE6E6500F2CD5B /* Base */ = {
			isa = PBXGroup;
			children = (
				6B8F23CD24AE6E6500F2CD5B /* BeagleDemoTestBase.swift */,
			);
			path = Base;
			sourceTree = "<group>";
		};
		6B8F23CE24AE6E6500F2CD5B /* Elements */ = {
			isa = PBXGroup;
			children = (
				6B8F23CF24AE6E6500F2CD5B /* BeagleDemoElements.swift */,
			);
			path = Elements;
			sourceTree = "<group>";
		};
		6B8F23D224AE6E6500F2CD5B /* Steps */ = {
			isa = PBXGroup;
			children = (
				6B8F23D324AE6E6500F2CD5B /* BeagleDemoSteps.swift */,
			);
			path = Steps;
			sourceTree = "<group>";
		};
		6B8F23D424AE6E6500F2CD5B /* Tests */ = {
			isa = PBXGroup;
			children = (
				6B8F23D524AE6E6500F2CD5B /* BeagleDemoTests.swift */,
			);
			path = Tests;
			sourceTree = "<group>";
		};
		6E2C784B241984F800448728 /* Constants */ = {
			isa = PBXGroup;
			children = (
				6E2C784C2419853A00448728 /* Constants.swift */,
			);
			path = Constants;
			sourceTree = "<group>";
		};
		932925A52327E0E400A61F01 = {
			isa = PBXGroup;
			children = (
				932925B02327E0E400A61F01 /* BeagleDemo */,
				C09F410F249BDEE8002605EE /* BeagleDemoTests */,
				6B8F23A324AE6D5B00F2CD5B /* BeagleDemoUITests */,
				932925AF2327E0E400A61F01 /* Products */,
				93365E3F23624AD40017CB89 /* Frameworks */,
			);
			sourceTree = "<group>";
		};
		932925AF2327E0E400A61F01 /* Products */ = {
			isa = PBXGroup;
			children = (
				932925AE2327E0E400A61F01 /* BeagleDemo.app */,
				C09F410E249BDEE8002605EE /* BeagleDemoTests.xctest */,
				6B8F23A224AE6D5B00F2CD5B /* BeagleDemoUITests.xctest */,
			);
			name = Products;
			sourceTree = "<group>";
		};
		932925B02327E0E400A61F01 /* BeagleDemo */ = {
			isa = PBXGroup;
			children = (
				C0D0F47E245B48BB00FB57C1 /* CodeGeneration */,
				6E2C784B241984F800448728 /* Constants */,
				E75619862408363E0025E0A9 /* DesignSystem */,
				A0642DC9239689E60028AFF3 /* Screens */,
				932925B12327E0E400A61F01 /* AppDelegate.swift */,
				A0642DC72395A1840028AFF3 /* DeeplinkScreenManager.swift */,
				C0479F58243282F00040E30C /* AnalyticsMock.swift */,
				932925B72327E0E400A61F01 /* Main.storyboard */,
				932925BC2327E0E500A61F01 /* LaunchScreen.storyboard */,
				932925BA2327E0E500A61F01 /* Assets.xcassets */,
				932925BF2327E0E500A61F01 /* Info.plist */,
				6ED5B09D240464520070CB9D /* BeagleStyle.swift */,
			);
			path = BeagleDemo;
			sourceTree = "<group>";
		};
		93365E3F23624AD40017CB89 /* Frameworks */ = {
			isa = PBXGroup;
			children = (
				A024CF1824994201009BB92D /* BeagleSchema.framework */,
				C0B1AAB523F326BB00F94ECA /* YogaKit.framework */,
				9313EB9223A2B388003BC24C /* BeagleUI.framework */,
			);
			name = Frameworks;
			sourceTree = "<group>";
		};
		A0642DC9239689E60028AFF3 /* Screens */ = {
			isa = PBXGroup;
			children = (
				7685B042249A879F007EDED0 /* SendRequestScreen.swift */,
				A0642DCA23968A020028AFF3 /* MainScreen.swift */,
				A0642DCC23968B500028AFF3 /* LazyComponentScreen.swift */,
				A0642DD02396EC670028AFF3 /* PageViewScreen.swift */,
				98A7F36B23A926C600E88C70 /* TabViewScreen.swift */,
				A038C8FC2407073D001164B1 /* FormScreen.swift */,
				E756198E2408691A0025E0A9 /* CustomComponentScreen.swift */,
				6E4EE6C0240E970000624DFB /* ScreenDeepLink.swift */,
				6E4EE6C6240E9C0B00624DFB /* ViewLayoutHelper.swift */,
				93EAFA4B24083C7B00B73522 /* ListViewScreen.swift */,
				98E08D2224228DD200FBD21B /* WebViewScreen.swift */,
				93D8DC0C248965D10070CB41 /* ComponentInteractionScreen.swift */,
			);
			path = Screens;
			sourceTree = "<group>";
		};
		C09F40FC249AAAC2002605EE /* GenerationTests */ = {
			isa = PBXGroup;
			children = (
				C09F4107249BD6E3002605EE /* Tests */,
				C09F4122249BF64B002605EE /* Protocols.swift */,
				C09F40F6249A8FFE002605EE /* TextContainer.swift */,
				C09F4103249AACAB002605EE /* SingleTextContainer.swift */,
				C09F40FD249AAAEE002605EE /* CustomActionableContainer.swift */,
				C09F40FF249AAB0F002605EE /* TextContainerWithAction.swift */,
				C09F4101249AAC87002605EE /* SingleCustomActionableContainer.swift */,
			);
			path = GenerationTests;
			sourceTree = "<group>";
		};
		C09F4107249BD6E3002605EE /* Tests */ = {
			isa = PBXGroup;
			children = (
				C09F4108249BD6FD002605EE /* GenerationTests.swift */,
				C09F411B249BE456002605EE /* JSON */,
			);
			path = Tests;
			sourceTree = "<group>";
		};
		C09F410F249BDEE8002605EE /* BeagleDemoTests */ = {
			isa = PBXGroup;
			children = (
				C09F411F249BE741002605EE /* Helpers */,
				C09F4112249BDEE8002605EE /* Info.plist */,
			);
			path = BeagleDemoTests;
			sourceTree = "<group>";
		};
		C09F411B249BE456002605EE /* JSON */ = {
			isa = PBXGroup;
			children = (
				C09F4126249C0683002605EE /* CustomActionableContainer.json */,
				C09F4127249C0683002605EE /* SingleCustomActionableContainer.json */,
				C09F4130249C219D002605EE /* SingleTextContainerWithoutActions.json */,
				C09F4128249C0683002605EE /* SingleTextContainer.json */,
				C09F412E249C1B86002605EE /* TextContainerMissingSecondAction.json */,
				C09F4129249C0683002605EE /* TextContainerWithAction.json */,
				C09F411C249BE46C002605EE /* TextContainer.json */,
			);
			path = JSON;
			sourceTree = "<group>";
		};
		C09F411F249BE741002605EE /* Helpers */ = {
			isa = PBXGroup;
			children = (
				C09F4120249BE758002605EE /* ComponentFromJsonFile.swift */,
			);
			path = Helpers;
			sourceTree = "<group>";
		};
		C0D0F47E245B48BB00FB57C1 /* CodeGeneration */ = {
			isa = PBXGroup;
			children = (
				C8A2F6F02464C1F9002198B1 /* Generated */,
			);
			path = CodeGeneration;
			sourceTree = "<group>";
		};
		C8A2F6F02464C1F9002198B1 /* Generated */ = {
			isa = PBXGroup;
			children = (
				C8A2F6F22464C1F9002198B1 /* AutoDecodable.generated.swift */,
				C8A2F6F12464C1F9002198B1 /* Equality.generated.swift */,
			);
			path = Generated;
			sourceTree = "<group>";
		};
		E75619862408363E0025E0A9 /* DesignSystem */ = {
			isa = PBXGroup;
			children = (
				C09F40FC249AAAC2002605EE /* GenerationTests */,
				E75619872408364A0025E0A9 /* DSCollection */,
				C80AF1332493F0950097D200 /* OtherComponent.swift */,
			);
			path = DesignSystem;
			sourceTree = "<group>";
		};
		E75619872408364A0025E0A9 /* DSCollection */ = {
			isa = PBXGroup;
			children = (
				E756199024086AA20025E0A9 /* DSCollectionUIComponent.swift */,
				E75619882408365B0025E0A9 /* DSCollection.swift */,
				E756198C240865150025E0A9 /* DSCollectionViewCell.swift */,
			);
			path = DSCollection;
			sourceTree = "<group>";
		};
/* End PBXGroup section */

/* Begin PBXNativeTarget section */
		6B8F23A124AE6D5B00F2CD5B /* BeagleDemoUITests */ = {
			isa = PBXNativeTarget;
			buildConfigurationList = 6B8F23AB24AE6D5B00F2CD5B /* Build configuration list for PBXNativeTarget "BeagleDemoUITests" */;
			buildPhases = (
				6B8F239E24AE6D5B00F2CD5B /* Sources */,
				6B8F239F24AE6D5B00F2CD5B /* Frameworks */,
				6B8F23A024AE6D5B00F2CD5B /* Resources */,
			);
			buildRules = (
			);
			dependencies = (
				6B8F23A824AE6D5B00F2CD5B /* PBXTargetDependency */,
			);
			name = BeagleDemoUITests;
			productName = BeagleDemoUITests;
			productReference = 6B8F23A224AE6D5B00F2CD5B /* BeagleDemoUITests.xctest */;
			productType = "com.apple.product-type.bundle.ui-testing";
		};
		932925AD2327E0E400A61F01 /* BeagleDemo */ = {
			isa = PBXNativeTarget;
			buildConfigurationList = 932925C22327E0E500A61F01 /* Build configuration list for PBXNativeTarget "BeagleDemo" */;
			buildPhases = (
				C0D0F482245B524100FB57C1 /* Sourcery Run Script */,
				932925AA2327E0E400A61F01 /* Sources */,
				932925AB2327E0E400A61F01 /* Frameworks */,
				932925AC2327E0E400A61F01 /* Resources */,
				E5EB34BB2331074900AC246B /* Embed Frameworks */,
			);
			buildRules = (
			);
			dependencies = (
			);
			name = BeagleDemo;
			productName = BeagleDemo;
			productReference = 932925AE2327E0E400A61F01 /* BeagleDemo.app */;
			productType = "com.apple.product-type.application";
		};
		C09F410D249BDEE8002605EE /* BeagleDemoTests */ = {
			isa = PBXNativeTarget;
			buildConfigurationList = C09F4115249BDEE8002605EE /* Build configuration list for PBXNativeTarget "BeagleDemoTests" */;
			buildPhases = (
				C09F410A249BDEE8002605EE /* Sources */,
				C09F410B249BDEE8002605EE /* Frameworks */,
				C09F410C249BDEE8002605EE /* Resources */,
			);
			buildRules = (
			);
			dependencies = (
				C09F4114249BDEE8002605EE /* PBXTargetDependency */,
			);
			name = BeagleDemoTests;
			productName = BeagleDemoTests;
			productReference = C09F410E249BDEE8002605EE /* BeagleDemoTests.xctest */;
			productType = "com.apple.product-type.bundle.unit-test";
		};
/* End PBXNativeTarget section */

/* Begin PBXProject section */
		932925A62327E0E400A61F01 /* Project object */ = {
			isa = PBXProject;
			attributes = {
				LastSwiftUpdateCheck = 1150;
				LastUpgradeCheck = 1100;
				ORGANIZATIONNAME = "Zup IT";
				TargetAttributes = {
					6B8F23A124AE6D5B00F2CD5B = {
						CreatedOnToolsVersion = 11.5;
						LastSwiftMigration = 1150;
						TestTargetID = 932925AD2327E0E400A61F01;
					};
					932925AD2327E0E400A61F01 = {
						CreatedOnToolsVersion = 11.0;
					};
					C09F410D249BDEE8002605EE = {
						CreatedOnToolsVersion = 11.3.1;
						TestTargetID = 932925AD2327E0E400A61F01;
					};
				};
			};
			buildConfigurationList = 932925A92327E0E400A61F01 /* Build configuration list for PBXProject "BeagleDemo" */;
			compatibilityVersion = "Xcode 9.3";
			developmentRegion = en;
			hasScannedForEncodings = 0;
			knownRegions = (
				en,
				Base,
			);
			mainGroup = 932925A52327E0E400A61F01;
			productRefGroup = 932925AF2327E0E400A61F01 /* Products */;
			projectDirPath = "";
			projectRoot = "";
			targets = (
				932925AD2327E0E400A61F01 /* BeagleDemo */,
				C09F410D249BDEE8002605EE /* BeagleDemoTests */,
				6B8F23A124AE6D5B00F2CD5B /* BeagleDemoUITests */,
			);
		};
/* End PBXProject section */

/* Begin PBXResourcesBuildPhase section */
		6B8F23A024AE6D5B00F2CD5B /* Resources */ = {
			isa = PBXResourcesBuildPhase;
			buildActionMask = 2147483647;
			files = (
				63E24A1724AFA42200F231A1 /* gherkin-languages.json in Resources */,
				63E24A2624AFA4BF00F231A1 /* Features in Resources */,
			);
			runOnlyForDeploymentPostprocessing = 0;
		};
		932925AC2327E0E400A61F01 /* Resources */ = {
			isa = PBXResourcesBuildPhase;
			buildActionMask = 2147483647;
			files = (
				932925BE2327E0E500A61F01 /* LaunchScreen.storyboard in Resources */,
				932925BB2327E0E500A61F01 /* Assets.xcassets in Resources */,
				932925B92327E0E400A61F01 /* Main.storyboard in Resources */,
			);
			runOnlyForDeploymentPostprocessing = 0;
		};
		C09F410C249BDEE8002605EE /* Resources */ = {
			isa = PBXResourcesBuildPhase;
			buildActionMask = 2147483647;
			files = (
				C09F412A249C0683002605EE /* CustomActionableContainer.json in Resources */,
				C09F412B249C0683002605EE /* SingleCustomActionableContainer.json in Resources */,
				C09F412D249C0683002605EE /* TextContainerWithAction.json in Resources */,
				C09F412C249C0683002605EE /* SingleTextContainer.json in Resources */,
				C09F4131249C219D002605EE /* SingleTextContainerWithoutActions.json in Resources */,
				C09F411E249BE470002605EE /* TextContainer.json in Resources */,
				C09F412F249C1B86002605EE /* TextContainerMissingSecondAction.json in Resources */,
			);
			runOnlyForDeploymentPostprocessing = 0;
		};
/* End PBXResourcesBuildPhase section */

/* Begin PBXShellScriptBuildPhase section */
		C0D0F482245B524100FB57C1 /* Sourcery Run Script */ = {
			isa = PBXShellScriptBuildPhase;
			buildActionMask = 2147483647;
			files = (
			);
			inputFileListPaths = (
			);
			inputPaths = (
			);
			name = "Sourcery Run Script";
			outputFileListPaths = (
			);
			outputPaths = (
			);
			runOnlyForDeploymentPostprocessing = 0;
			shellPath = /bin/sh;
			shellScript = "# Type a script or drag a script file from your workspace to insert its path.\n../../Sources/BeagleUI/CodeGeneration/sourceryScript.sh\n";
		};
/* End PBXShellScriptBuildPhase section */

/* Begin PBXSourcesBuildPhase section */
		6B8F239E24AE6D5B00F2CD5B /* Sources */ = {
			isa = PBXSourcesBuildPhase;
			buildActionMask = 2147483647;
			files = (
				63E24A0424AFA42200F231A1 /* GHComment.m in Sources */,
				63E24A1324AFA42200F231A1 /* GHParserException.m in Sources */,
				63E249F724AFA42200F231A1 /* CCIStepDefinition.m in Sources */,
				63E249FD24AFA42200F231A1 /* CCIExample.m in Sources */,
				63E24A2424AFA42200F231A1 /* Cucumberish.m in Sources */,
				6B8F23DA24AE6E6500F2CD5B /* BeagleDemoSteps.swift in Sources */,
				63E24A1F24AFA42200F231A1 /* GHAstBuilder.m in Sources */,
				63E249F524AFA42200F231A1 /* CCIArgument.m in Sources */,
				63E24A0324AFA42200F231A1 /* GHTableCell.m in Sources */,
				63E24A1424AFA42200F231A1 /* GHLocation.m in Sources */,
				63E24A2324AFA42200F231A1 /* NSObject+Dictionary.m in Sources */,
				63E249FB24AFA42200F231A1 /* CCIFeature.m in Sources */,
				63E24A0C24AFA42200F231A1 /* GHParser+Extensions.m in Sources */,
				63E24A0024AFA42200F231A1 /* GHFeature.m in Sources */,
				63E24A1C24AFA42200F231A1 /* GHScenarioDefinition.m in Sources */,
				63E24A1B24AFA42200F231A1 /* GHStepArgument.m in Sources */,
				63E24A0124AFA42200F231A1 /* GHToken.m in Sources */,
				63E249FA24AFA42200F231A1 /* CCIAroundHock.m in Sources */,
				63E24A1524AFA42200F231A1 /* GHGherkinDialectProvider.m in Sources */,
				6B8F23D824AE6E6500F2CD5B /* BeagleDemoUITests.swift in Sources */,
				63E24A2224AFA42200F231A1 /* NSArray+Hashes.m in Sources */,
				6B8F23DB24AE6E6500F2CD5B /* BeagleDemoTests.swift in Sources */,
				63E24A0A24AFA42200F231A1 /* GHDocString.m in Sources */,
				63E249FE24AFA42200F231A1 /* CCILocation.m in Sources */,
				63E24A0924AFA42200F231A1 /* GHNode.m in Sources */,
				63E24A0724AFA42200F231A1 /* GHGherkinDialect.m in Sources */,
				63E249F224AFA42200F231A1 /* CCIStepsManager.m in Sources */,
				63E249FF24AFA42200F231A1 /* CCIBackground.m in Sources */,
				63E24A1824AFA42200F231A1 /* GHParser.m in Sources */,
				63E24A0224AFA42200F231A1 /* GHAstNode.m in Sources */,
				6B8F23D624AE6E6500F2CD5B /* BeagleDemoTestBase.swift in Sources */,
				63E24A2024AFA42200F231A1 /* NSString+Formatter.m in Sources */,
				63E24A0D24AFA42200F231A1 /* GHTag.m in Sources */,
				6B8F23D724AE6E6500F2CD5B /* BeagleDemoElements.swift in Sources */,
				63E24A1A24AFA42200F231A1 /* GHGherkinLine.m in Sources */,
				63E249F924AFA42200F231A1 /* CCIScenarioDefinition.m in Sources */,
				63E24A1D24AFA42200F231A1 /* GHGherkinLineSpan.m in Sources */,
				63E24A2124AFA42200F231A1 /* XCTestCase+RecordFailure.m in Sources */,
				63E24A0E24AFA42200F231A1 /* GHScenario.m in Sources */,
				63E24A1E24AFA42200F231A1 /* GHTokenMatcher.m in Sources */,
				63E24A1224AFA42200F231A1 /* NSString+Trim.m in Sources */,
				63E24A1124AFA42200F231A1 /* GHGherkinLanguageConstants.m in Sources */,
				63E24A2824AFA5E000F231A1 /* CucumberishInit.m in Sources */,
				63E24A0B24AFA42200F231A1 /* GHGherkinLanguageSetting.m in Sources */,
				63E249F824AFA42200F231A1 /* CCIJSONDumper.m in Sources */,
				63E249F324AFA42200F231A1 /* CCIFeaturesManager.m in Sources */,
				63E24A0F24AFA42200F231A1 /* GHStep.m in Sources */,
				63E24A1024AFA42200F231A1 /* GHDataTable.m in Sources */,
				63E249F624AFA42200F231A1 /* CCIHock.m in Sources */,
				63E249F424AFA42200F231A1 /* CCILoggingManager.m in Sources */,
				63E24A1924AFA42200F231A1 /* GHTableRow.m in Sources */,
				63E24A1624AFA42200F231A1 /* GHExamples.m in Sources */,
				63E249FC24AFA42200F231A1 /* CCIStep.m in Sources */,
				63E24A0824AFA42200F231A1 /* GHTokenScanner.m in Sources */,
				63E24A0524AFA42200F231A1 /* GHBackground.m in Sources */,
				63E24A0624AFA42200F231A1 /* GHScenarioOutline.m in Sources */,
			);
			runOnlyForDeploymentPostprocessing = 0;
		};
		932925AA2327E0E400A61F01 /* Sources */ = {
			isa = PBXSourcesBuildPhase;
			buildActionMask = 2147483647;
			files = (
				A0642DCB23968A020028AFF3 /* MainScreen.swift in Sources */,
				C80AF1342493F0950097D200 /* OtherComponent.swift in Sources */,
				C09F4100249AAB0F002605EE /* TextContainerWithAction.swift in Sources */,
				C8A2F6F42464C1F9002198B1 /* AutoDecodable.generated.swift in Sources */,
				93EAFA4C24083C7B00B73522 /* ListViewScreen.swift in Sources */,
				932925B22327E0E400A61F01 /* AppDelegate.swift in Sources */,
				98A7F36C23A926C600E88C70 /* TabViewScreen.swift in Sources */,
				98E08D2324228DD200FBD21B /* WebViewScreen.swift in Sources */,
				A0642DC82395A1840028AFF3 /* DeeplinkScreenManager.swift in Sources */,
				E756198D240865150025E0A9 /* DSCollectionViewCell.swift in Sources */,
				A0642DCD23968B500028AFF3 /* LazyComponentScreen.swift in Sources */,
				6E2C784D2419853A00448728 /* Constants.swift in Sources */,
				E75619892408365B0025E0A9 /* DSCollection.swift in Sources */,
				C09F40F7249A8FFE002605EE /* TextContainer.swift in Sources */,
				A0642DD12396EC670028AFF3 /* PageViewScreen.swift in Sources */,
				C09F4102249AAC87002605EE /* SingleCustomActionableContainer.swift in Sources */,
				C09F40FE249AAAEE002605EE /* CustomActionableContainer.swift in Sources */,
				C0479F59243282F00040E30C /* AnalyticsMock.swift in Sources */,
				C8A2F6F32464C1F9002198B1 /* Equality.generated.swift in Sources */,
				6E4EE6C1240E970000624DFB /* ScreenDeepLink.swift in Sources */,
				7685B043249A879F007EDED0 /* SendRequestScreen.swift in Sources */,
				A038C8FD2407073D001164B1 /* FormScreen.swift in Sources */,
				93D8DC0D248965D10070CB41 /* ComponentInteractionScreen.swift in Sources */,
				6E4EE6C7240E9C0B00624DFB /* ViewLayoutHelper.swift in Sources */,
				C09F4125249BF652002605EE /* Protocols.swift in Sources */,
				E756199124086AA20025E0A9 /* DSCollectionUIComponent.swift in Sources */,
				E756198F2408691A0025E0A9 /* CustomComponentScreen.swift in Sources */,
				C09F4104249AACAB002605EE /* SingleTextContainer.swift in Sources */,
				6ED5B09E240464520070CB9D /* BeagleStyle.swift in Sources */,
			);
			runOnlyForDeploymentPostprocessing = 0;
		};
		C09F410A249BDEE8002605EE /* Sources */ = {
			isa = PBXSourcesBuildPhase;
			buildActionMask = 2147483647;
			files = (
				C09F4118249BDF26002605EE /* GenerationTests.swift in Sources */,
				C09F4121249BE758002605EE /* ComponentFromJsonFile.swift in Sources */,
			);
			runOnlyForDeploymentPostprocessing = 0;
		};
/* End PBXSourcesBuildPhase section */

/* Begin PBXTargetDependency section */
		6B8F23A824AE6D5B00F2CD5B /* PBXTargetDependency */ = {
			isa = PBXTargetDependency;
			target = 932925AD2327E0E400A61F01 /* BeagleDemo */;
			targetProxy = 6B8F23A724AE6D5B00F2CD5B /* PBXContainerItemProxy */;
		};
		C09F4114249BDEE8002605EE /* PBXTargetDependency */ = {
			isa = PBXTargetDependency;
			target = 932925AD2327E0E400A61F01 /* BeagleDemo */;
			targetProxy = C09F4113249BDEE8002605EE /* PBXContainerItemProxy */;
		};
/* End PBXTargetDependency section */

/* Begin PBXVariantGroup section */
		932925B72327E0E400A61F01 /* Main.storyboard */ = {
			isa = PBXVariantGroup;
			children = (
				932925B82327E0E400A61F01 /* Base */,
			);
			name = Main.storyboard;
			sourceTree = "<group>";
		};
		932925BC2327E0E500A61F01 /* LaunchScreen.storyboard */ = {
			isa = PBXVariantGroup;
			children = (
				932925BD2327E0E500A61F01 /* Base */,
			);
			name = LaunchScreen.storyboard;
			sourceTree = "<group>";
		};
/* End PBXVariantGroup section */

/* Begin XCBuildConfiguration section */
		6B8F23A924AE6D5B00F2CD5B /* Debug */ = {
			isa = XCBuildConfiguration;
			buildSettings = {
				CLANG_ENABLE_MODULES = YES;
				CODE_SIGN_STYLE = Automatic;
				DEFINES_MODULE = YES;
				GCC_PREPROCESSOR_DEFINITIONS = (
					"DEBUG=1",
					"$(inherited)",
					"SRC_ROOT=@\\\"$(SRCROOT)\\\"",
				);
				INFOPLIST_FILE = BeagleDemoUITests/Info.plist;
				IPHONEOS_DEPLOYMENT_TARGET = 13.5;
				LD_RUNPATH_SEARCH_PATHS = (
					"$(inherited)",
					"@executable_path/Frameworks",
					"@loader_path/Frameworks",
				);
				PRODUCT_BUNDLE_IDENTIFIER = br.com.zup.BeagleDemoUITests;
				PRODUCT_NAME = "$(TARGET_NAME)";
				SWIFT_OBJC_BRIDGING_HEADER = "BeagleDemoUITests/BeagleDemoUITests-Bridging-Header.h";
				SWIFT_OPTIMIZATION_LEVEL = "-Onone";
				SWIFT_VERSION = 5.0;
				TARGETED_DEVICE_FAMILY = "1,2";
				TEST_TARGET_NAME = BeagleDemo;
			};
			name = Debug;
		};
		6B8F23AA24AE6D5B00F2CD5B /* Release */ = {
			isa = XCBuildConfiguration;
			buildSettings = {
				CLANG_ENABLE_MODULES = YES;
				CODE_SIGN_STYLE = Automatic;
				DEFINES_MODULE = YES;
				GCC_PREPROCESSOR_DEFINITIONS = "SRC_ROOT=@\\\"$(SRCROOT)\\\"";
				INFOPLIST_FILE = BeagleDemoUITests/Info.plist;
				IPHONEOS_DEPLOYMENT_TARGET = 13.5;
				LD_RUNPATH_SEARCH_PATHS = (
					"$(inherited)",
					"@executable_path/Frameworks",
					"@loader_path/Frameworks",
				);
				PRODUCT_BUNDLE_IDENTIFIER = br.com.zup.BeagleDemoUITests;
				PRODUCT_NAME = "$(TARGET_NAME)";
				SWIFT_OBJC_BRIDGING_HEADER = "BeagleDemoUITests/BeagleDemoUITests-Bridging-Header.h";
				SWIFT_VERSION = 5.0;
				TARGETED_DEVICE_FAMILY = "1,2";
				TEST_TARGET_NAME = BeagleDemo;
			};
			name = Release;
		};
		932925C02327E0E500A61F01 /* Debug */ = {
			isa = XCBuildConfiguration;
			buildSettings = {
				ALWAYS_SEARCH_USER_PATHS = NO;
				CLANG_ANALYZER_NONNULL = YES;
				CLANG_ANALYZER_NUMBER_OBJECT_CONVERSION = YES_AGGRESSIVE;
				CLANG_CXX_LANGUAGE_STANDARD = "gnu++14";
				CLANG_CXX_LIBRARY = "libc++";
				CLANG_ENABLE_MODULES = YES;
				CLANG_ENABLE_OBJC_ARC = YES;
				CLANG_ENABLE_OBJC_WEAK = YES;
				CLANG_WARN_BLOCK_CAPTURE_AUTORELEASING = YES;
				CLANG_WARN_BOOL_CONVERSION = YES;
				CLANG_WARN_COMMA = YES;
				CLANG_WARN_CONSTANT_CONVERSION = YES;
				CLANG_WARN_DEPRECATED_OBJC_IMPLEMENTATIONS = YES;
				CLANG_WARN_DIRECT_OBJC_ISA_USAGE = YES_ERROR;
				CLANG_WARN_DOCUMENTATION_COMMENTS = YES;
				CLANG_WARN_EMPTY_BODY = YES;
				CLANG_WARN_ENUM_CONVERSION = YES;
				CLANG_WARN_INFINITE_RECURSION = YES;
				CLANG_WARN_INT_CONVERSION = YES;
				CLANG_WARN_NON_LITERAL_NULL_CONVERSION = YES;
				CLANG_WARN_OBJC_IMPLICIT_RETAIN_SELF = YES;
				CLANG_WARN_OBJC_LITERAL_CONVERSION = YES;
				CLANG_WARN_OBJC_ROOT_CLASS = YES_ERROR;
				CLANG_WARN_RANGE_LOOP_ANALYSIS = YES;
				CLANG_WARN_STRICT_PROTOTYPES = YES;
				CLANG_WARN_SUSPICIOUS_MOVE = YES;
				CLANG_WARN_UNGUARDED_AVAILABILITY = YES_AGGRESSIVE;
				CLANG_WARN_UNREACHABLE_CODE = YES;
				CLANG_WARN__DUPLICATE_METHOD_MATCH = YES;
				COPY_PHASE_STRIP = NO;
				DEBUG_INFORMATION_FORMAT = dwarf;
				ENABLE_STRICT_OBJC_MSGSEND = YES;
				ENABLE_TESTABILITY = YES;
				GCC_C_LANGUAGE_STANDARD = gnu11;
				GCC_DYNAMIC_NO_PIC = NO;
				GCC_NO_COMMON_BLOCKS = YES;
				GCC_OPTIMIZATION_LEVEL = 0;
				GCC_PREPROCESSOR_DEFINITIONS = (
					"DEBUG=1",
					"$(inherited)",
				);
				GCC_WARN_64_TO_32_BIT_CONVERSION = YES;
				GCC_WARN_ABOUT_RETURN_TYPE = YES_ERROR;
				GCC_WARN_UNDECLARED_SELECTOR = YES;
				GCC_WARN_UNINITIALIZED_AUTOS = YES_AGGRESSIVE;
				GCC_WARN_UNUSED_FUNCTION = YES;
				GCC_WARN_UNUSED_VARIABLE = YES;
				IPHONEOS_DEPLOYMENT_TARGET = 10.3;
				MTL_ENABLE_DEBUG_INFO = INCLUDE_SOURCE;
				MTL_FAST_MATH = YES;
				ONLY_ACTIVE_ARCH = YES;
				SDKROOT = iphoneos;
				SWIFT_ACTIVE_COMPILATION_CONDITIONS = DEBUG;
				SWIFT_OPTIMIZATION_LEVEL = "-Onone";
				SWIFT_VERSION = 5.0;
			};
			name = Debug;
		};
		932925C12327E0E500A61F01 /* Release */ = {
			isa = XCBuildConfiguration;
			buildSettings = {
				ALWAYS_SEARCH_USER_PATHS = NO;
				CLANG_ANALYZER_NONNULL = YES;
				CLANG_ANALYZER_NUMBER_OBJECT_CONVERSION = YES_AGGRESSIVE;
				CLANG_CXX_LANGUAGE_STANDARD = "gnu++14";
				CLANG_CXX_LIBRARY = "libc++";
				CLANG_ENABLE_MODULES = YES;
				CLANG_ENABLE_OBJC_ARC = YES;
				CLANG_ENABLE_OBJC_WEAK = YES;
				CLANG_WARN_BLOCK_CAPTURE_AUTORELEASING = YES;
				CLANG_WARN_BOOL_CONVERSION = YES;
				CLANG_WARN_COMMA = YES;
				CLANG_WARN_CONSTANT_CONVERSION = YES;
				CLANG_WARN_DEPRECATED_OBJC_IMPLEMENTATIONS = YES;
				CLANG_WARN_DIRECT_OBJC_ISA_USAGE = YES_ERROR;
				CLANG_WARN_DOCUMENTATION_COMMENTS = YES;
				CLANG_WARN_EMPTY_BODY = YES;
				CLANG_WARN_ENUM_CONVERSION = YES;
				CLANG_WARN_INFINITE_RECURSION = YES;
				CLANG_WARN_INT_CONVERSION = YES;
				CLANG_WARN_NON_LITERAL_NULL_CONVERSION = YES;
				CLANG_WARN_OBJC_IMPLICIT_RETAIN_SELF = YES;
				CLANG_WARN_OBJC_LITERAL_CONVERSION = YES;
				CLANG_WARN_OBJC_ROOT_CLASS = YES_ERROR;
				CLANG_WARN_RANGE_LOOP_ANALYSIS = YES;
				CLANG_WARN_STRICT_PROTOTYPES = YES;
				CLANG_WARN_SUSPICIOUS_MOVE = YES;
				CLANG_WARN_UNGUARDED_AVAILABILITY = YES_AGGRESSIVE;
				CLANG_WARN_UNREACHABLE_CODE = YES;
				CLANG_WARN__DUPLICATE_METHOD_MATCH = YES;
				COPY_PHASE_STRIP = NO;
				DEBUG_INFORMATION_FORMAT = "dwarf-with-dsym";
				ENABLE_NS_ASSERTIONS = NO;
				ENABLE_STRICT_OBJC_MSGSEND = YES;
				GCC_C_LANGUAGE_STANDARD = gnu11;
				GCC_NO_COMMON_BLOCKS = YES;
				GCC_WARN_64_TO_32_BIT_CONVERSION = YES;
				GCC_WARN_ABOUT_RETURN_TYPE = YES_ERROR;
				GCC_WARN_UNDECLARED_SELECTOR = YES;
				GCC_WARN_UNINITIALIZED_AUTOS = YES_AGGRESSIVE;
				GCC_WARN_UNUSED_FUNCTION = YES;
				GCC_WARN_UNUSED_VARIABLE = YES;
				IPHONEOS_DEPLOYMENT_TARGET = 10.3;
				MTL_ENABLE_DEBUG_INFO = NO;
				MTL_FAST_MATH = YES;
				SDKROOT = iphoneos;
				SWIFT_COMPILATION_MODE = wholemodule;
				SWIFT_OPTIMIZATION_LEVEL = "-O";
				SWIFT_VERSION = 5.0;
				VALIDATE_PRODUCT = YES;
			};
			name = Release;
		};
		932925C32327E0E500A61F01 /* Debug */ = {
			isa = XCBuildConfiguration;
			buildSettings = {
				ASSETCATALOG_COMPILER_APPICON_NAME = AppIcon;
				CODE_SIGN_IDENTITY = "Apple Development";
				CODE_SIGN_STYLE = Automatic;
				DEVELOPMENT_TEAM = 7QAS2HG554;
				INFOPLIST_FILE = BeagleDemo/Info.plist;
				LD_RUNPATH_SEARCH_PATHS = (
					"$(inherited)",
					"@executable_path/Frameworks",
				);
				PRODUCT_BUNDLE_IDENTIFIER = br.com.zup.BeagleDemoApp;
				PRODUCT_NAME = "$(TARGET_NAME)";
				PROVISIONING_PROFILE_SPECIFIER = "";
				SWIFT_VERSION = 5.0;
				TARGETED_DEVICE_FAMILY = "1,2";
			};
			name = Debug;
		};
		932925C42327E0E500A61F01 /* Release */ = {
			isa = XCBuildConfiguration;
			buildSettings = {
				ASSETCATALOG_COMPILER_APPICON_NAME = AppIcon;
				CODE_SIGN_STYLE = Automatic;
				DEVELOPMENT_TEAM = 7QAS2HG554;
				INFOPLIST_FILE = BeagleDemo/Info.plist;
				LD_RUNPATH_SEARCH_PATHS = (
					"$(inherited)",
					"@executable_path/Frameworks",
				);
				PRODUCT_BUNDLE_IDENTIFIER = br.com.zup.BeagleDemoApp;
				PRODUCT_NAME = "$(TARGET_NAME)";
				SWIFT_VERSION = 5.0;
				TARGETED_DEVICE_FAMILY = "1,2";
			};
			name = Release;
		};
		C09F4116249BDEE8002605EE /* Debug */ = {
			isa = XCBuildConfiguration;
			buildSettings = {
				BUNDLE_LOADER = "$(TEST_HOST)";
				CODE_SIGN_STYLE = Automatic;
				INFOPLIST_FILE = BeagleDemoTests/Info.plist;
				IPHONEOS_DEPLOYMENT_TARGET = 13.2;
				LD_RUNPATH_SEARCH_PATHS = (
					"$(inherited)",
					"@executable_path/Frameworks",
					"@loader_path/Frameworks",
				);
				PRODUCT_BUNDLE_IDENTIFIER = zup.beagle.Components.BeagleDemoTests;
				PRODUCT_NAME = "$(TARGET_NAME)";
				SWIFT_VERSION = 5.0;
				TARGETED_DEVICE_FAMILY = "1,2";
				TEST_HOST = "$(BUILT_PRODUCTS_DIR)/BeagleDemo.app/BeagleDemo";
			};
			name = Debug;
		};
		C09F4117249BDEE8002605EE /* Release */ = {
			isa = XCBuildConfiguration;
			buildSettings = {
				BUNDLE_LOADER = "$(TEST_HOST)";
				CODE_SIGN_STYLE = Automatic;
				INFOPLIST_FILE = BeagleDemoTests/Info.plist;
				IPHONEOS_DEPLOYMENT_TARGET = 13.2;
				LD_RUNPATH_SEARCH_PATHS = (
					"$(inherited)",
					"@executable_path/Frameworks",
					"@loader_path/Frameworks",
				);
				PRODUCT_BUNDLE_IDENTIFIER = zup.beagle.Components.BeagleDemoTests;
				PRODUCT_NAME = "$(TARGET_NAME)";
				SWIFT_VERSION = 5.0;
				TARGETED_DEVICE_FAMILY = "1,2";
				TEST_HOST = "$(BUILT_PRODUCTS_DIR)/BeagleDemo.app/BeagleDemo";
			};
			name = Release;
		};
/* End XCBuildConfiguration section */

/* Begin XCConfigurationList section */
		6B8F23AB24AE6D5B00F2CD5B /* Build configuration list for PBXNativeTarget "BeagleDemoUITests" */ = {
			isa = XCConfigurationList;
			buildConfigurations = (
				6B8F23A924AE6D5B00F2CD5B /* Debug */,
				6B8F23AA24AE6D5B00F2CD5B /* Release */,
			);
			defaultConfigurationIsVisible = 0;
			defaultConfigurationName = Release;
		};
		932925A92327E0E400A61F01 /* Build configuration list for PBXProject "BeagleDemo" */ = {
			isa = XCConfigurationList;
			buildConfigurations = (
				932925C02327E0E500A61F01 /* Debug */,
				932925C12327E0E500A61F01 /* Release */,
			);
			defaultConfigurationIsVisible = 0;
			defaultConfigurationName = Release;
		};
		932925C22327E0E500A61F01 /* Build configuration list for PBXNativeTarget "BeagleDemo" */ = {
			isa = XCConfigurationList;
			buildConfigurations = (
				932925C32327E0E500A61F01 /* Debug */,
				932925C42327E0E500A61F01 /* Release */,
			);
			defaultConfigurationIsVisible = 0;
			defaultConfigurationName = Release;
		};
		C09F4115249BDEE8002605EE /* Build configuration list for PBXNativeTarget "BeagleDemoTests" */ = {
			isa = XCConfigurationList;
			buildConfigurations = (
				C09F4116249BDEE8002605EE /* Debug */,
				C09F4117249BDEE8002605EE /* Release */,
			);
			defaultConfigurationIsVisible = 0;
			defaultConfigurationName = Release;
		};
/* End XCConfigurationList section */
	};
	rootObject = 932925A62327E0E400A61F01 /* Project object */;
}
